
Microsoft Visual Studio Solution File, Format Version 12.00
# Visual Studio 2013
VisualStudioVersion = 12.0.31101.0
MinimumVisualStudioVersion = 10.0.40219.1
Project("{FAE04EC0-301F-11D3-BF4B-00C04F79EFBC}") = "X_Calendar", "X_Calendar\X_Calendar\X_Calendar.csproj", "{6F4974BD-8B3F-418E-AE1D-036D38D38C4A}"
EndProject
Project("{FAE04EC0-301F-11D3-BF4B-00C04F79EFBC}") = "X_Calendar.iOS", "X_Calendar\X_Calendar.iOS\X_Calendar.iOS.csproj", "{80C64D65-6EC9-4AB7-9980-F81360D99073}"
EndProject
Project("{FAE04EC0-301F-11D3-BF4B-00C04F79EFBC}") = "X_Calendar.Droid", "X_Calendar\X_Calendar.Droid\X_Calendar.Droid.csproj", "{4FB59A51-A87D-467C-AAF7-BE5AF148E5E1}"
EndProject
Project("{FAE04EC0-301F-11D3-BF4B-00C04F79EFBC}") = "X_Calendar.WinPhone", "X_Calendar\X_Calendar.WinPhone\X_Calendar.WinPhone.csproj", "{150FBA1E-C162-4C8B-800A-47D9968E3CC5}"
EndProject
Global
	GlobalSection(SolutionConfigurationPlatforms) = preSolution
		Ad-Hoc|Any CPU = Ad-Hoc|Any CPU
		Ad-Hoc|ARM = Ad-Hoc|ARM
		Ad-Hoc|iPhone = Ad-Hoc|iPhone
		Ad-Hoc|iPhoneSimulator = Ad-Hoc|iPhoneSimulator
		Ad-Hoc|Mixed Platforms = Ad-Hoc|Mixed Platforms
		Ad-Hoc|x86 = Ad-Hoc|x86
		AppStore|Any CPU = AppStore|Any CPU
		AppStore|ARM = AppStore|ARM
		AppStore|iPhone = AppStore|iPhone
		AppStore|iPhoneSimulator = AppStore|iPhoneSimulator
		AppStore|Mixed Platforms = AppStore|Mixed Platforms
		AppStore|x86 = AppStore|x86
		Debug|Any CPU = Debug|Any CPU
		Debug|ARM = Debug|ARM
		Debug|iPhone = Debug|iPhone
		Debug|iPhoneSimulator = Debug|iPhoneSimulator
		Debug|Mixed Platforms = Debug|Mixed Platforms
		Debug|x86 = Debug|x86
		Release|Any CPU = Release|Any CPU
		Release|ARM = Release|ARM
		Release|iPhone = Release|iPhone
		Release|iPhoneSimulator = Release|iPhoneSimulator
		Release|Mixed Platforms = Release|Mixed Platforms
		Release|x86 = Release|x86
	EndGlobalSection
	GlobalSection(ProjectConfigurationPlatforms) = postSolution
		{6F4974BD-8B3F-418E-AE1D-036D38D38C4A}.Ad-Hoc|Any CPU.ActiveCfg = Release|Any CPU
		{6F4974BD-8B3F-418E-AE1D-036D38D38C4A}.Ad-Hoc|Any CPU.Build.0 = Release|Any CPU
		{6F4974BD-8B3F-418E-AE1D-036D38D38C4A}.Ad-Hoc|ARM.ActiveCfg = Release|Any CPU
		{6F4974BD-8B3F-418E-AE1D-036D38D38C4A}.Ad-Hoc|iPhone.ActiveCfg = Release|Any CPU
		{6F4974BD-8B3F-418E-AE1D-036D38D38C4A}.Ad-Hoc|iPhoneSimulator.ActiveCfg = Release|Any CPU
		{6F4974BD-8B3F-418E-AE1D-036D38D38C4A}.Ad-Hoc|Mixed Platforms.ActiveCfg = Release|Any CPU
		{6F4974BD-8B3F-418E-AE1D-036D38D38C4A}.Ad-Hoc|Mixed Platforms.Build.0 = Release|Any CPU
		{6F4974BD-8B3F-418E-AE1D-036D38D38C4A}.Ad-Hoc|x86.ActiveCfg = Release|Any CPU
		{6F4974BD-8B3F-418E-AE1D-036D38D38C4A}.AppStore|Any CPU.ActiveCfg = Release|Any CPU
		{6F4974BD-8B3F-418E-AE1D-036D38D38C4A}.AppStore|Any CPU.Build.0 = Release|Any CPU
		{6F4974BD-8B3F-418E-AE1D-036D38D38C4A}.AppStore|ARM.ActiveCfg = Release|Any CPU
		{6F4974BD-8B3F-418E-AE1D-036D38D38C4A}.AppStore|iPhone.ActiveCfg = Release|Any CPU
		{6F4974BD-8B3F-418E-AE1D-036D38D38C4A}.AppStore|iPhoneSimulator.ActiveCfg = Release|Any CPU
		{6F4974BD-8B3F-418E-AE1D-036D38D38C4A}.AppStore|Mixed Platforms.ActiveCfg = Release|Any CPU
		{6F4974BD-8B3F-418E-AE1D-036D38D38C4A}.AppStore|Mixed Platforms.Build.0 = Release|Any CPU
		{6F4974BD-8B3F-418E-AE1D-036D38D38C4A}.AppStore|x86.ActiveCfg = Release|Any CPU
		{6F4974BD-8B3F-418E-AE1D-036D38D38C4A}.Debug|Any CPU.ActiveCfg = Debug|Any CPU
		{6F4974BD-8B3F-418E-AE1D-036D38D38C4A}.Debug|Any CPU.Build.0 = Debug|Any CPU
		{6F4974BD-8B3F-418E-AE1D-036D38D38C4A}.Debug|ARM.ActiveCfg = Debug|Any CPU
		{6F4974BD-8B3F-418E-AE1D-036D38D38C4A}.Debug|iPhone.ActiveCfg = Debug|Any CPU
		{6F4974BD-8B3F-418E-AE1D-036D38D38C4A}.Debug|iPhoneSimulator.ActiveCfg = Debug|Any CPU
		{6F4974BD-8B3F-418E-AE1D-036D38D38C4A}.Debug|Mixed Platforms.ActiveCfg = Debug|Any CPU
		{6F4974BD-8B3F-418E-AE1D-036D38D38C4A}.Debug|Mixed Platforms.Build.0 = Debug|Any CPU
		{6F4974BD-8B3F-418E-AE1D-036D38D38C4A}.Debug|x86.ActiveCfg = Debug|Any CPU
		{6F4974BD-8B3F-418E-AE1D-036D38D38C4A}.Release|Any CPU.ActiveCfg = Release|Any CPU
		{6F4974BD-8B3F-418E-AE1D-036D38D38C4A}.Release|Any CPU.Build.0 = Release|Any CPU
		{6F4974BD-8B3F-418E-AE1D-036D38D38C4A}.Release|ARM.ActiveCfg = Release|Any CPU
		{6F4974BD-8B3F-418E-AE1D-036D38D38C4A}.Release|iPhone.ActiveCfg = Release|Any CPU
		{6F4974BD-8B3F-418E-AE1D-036D38D38C4A}.Release|iPhoneSimulator.ActiveCfg = Release|Any CPU
		{6F4974BD-8B3F-418E-AE1D-036D38D38C4A}.Release|Mixed Platforms.ActiveCfg = Release|Any CPU
		{6F4974BD-8B3F-418E-AE1D-036D38D38C4A}.Release|Mixed Platforms.Build.0 = Release|Any CPU
		{6F4974BD-8B3F-418E-AE1D-036D38D38C4A}.Release|x86.ActiveCfg = Release|Any CPU
		{80C64D65-6EC9-4AB7-9980-F81360D99073}.Ad-Hoc|Any CPU.ActiveCfg = Ad-Hoc|iPhone
		{80C64D65-6EC9-4AB7-9980-F81360D99073}.Ad-Hoc|ARM.ActiveCfg = Ad-Hoc|iPhone
		{80C64D65-6EC9-4AB7-9980-F81360D99073}.Ad-Hoc|iPhone.ActiveCfg = Ad-Hoc|iPhone
		{80C64D65-6EC9-4AB7-9980-F81360D99073}.Ad-Hoc|iPhone.Build.0 = Ad-Hoc|iPhone
		{80C64D65-6EC9-4AB7-9980-F81360D99073}.Ad-Hoc|iPhoneSimulator.ActiveCfg = Ad-Hoc|iPhoneSimulator
		{80C64D65-6EC9-4AB7-9980-F81360D99073}.Ad-Hoc|iPhoneSimulator.Build.0 = Ad-Hoc|iPhoneSimulator
		{80C64D65-6EC9-4AB7-9980-F81360D99073}.Ad-Hoc|Mixed Platforms.ActiveCfg = Ad-Hoc|iPhone
		{80C64D65-6EC9-4AB7-9980-F81360D99073}.Ad-Hoc|Mixed Platforms.Build.0 = Ad-Hoc|iPhone
		{80C64D65-6EC9-4AB7-9980-F81360D99073}.Ad-Hoc|x86.ActiveCfg = Ad-Hoc|iPhone
		{80C64D65-6EC9-4AB7-9980-F81360D99073}.AppStore|Any CPU.ActiveCfg = AppStore|iPhone
		{80C64D65-6EC9-4AB7-9980-F81360D99073}.AppStore|ARM.ActiveCfg = AppStore|iPhone
		{80C64D65-6EC9-4AB7-9980-F81360D99073}.AppStore|iPhone.ActiveCfg = AppStore|iPhone
		{80C64D65-6EC9-4AB7-9980-F81360D99073}.AppStore|iPhone.Build.0 = AppStore|iPhone
		{80C64D65-6EC9-4AB7-9980-F81360D99073}.AppStore|iPhoneSimulator.ActiveCfg = AppStore|iPhoneSimulator
		{80C64D65-6EC9-4AB7-9980-F81360D99073}.AppStore|iPhoneSimulator.Build.0 = AppStore|iPhoneSimulator
		{80C64D65-6EC9-4AB7-9980-F81360D99073}.AppStore|Mixed Platforms.ActiveCfg = AppStore|iPhone
		{80C64D65-6EC9-4AB7-9980-F81360D99073}.AppStore|Mixed Platforms.Build.0 = AppStore|iPhone
		{80C64D65-6EC9-4AB7-9980-F81360D99073}.AppStore|x86.ActiveCfg = AppStore|iPhone
		{80C64D65-6EC9-4AB7-9980-F81360D99073}.Debug|Any CPU.ActiveCfg = Debug|iPhone
		{80C64D65-6EC9-4AB7-9980-F81360D99073}.Debug|ARM.ActiveCfg = Debug|iPhone
		{80C64D65-6EC9-4AB7-9980-F81360D99073}.Debug|iPhone.ActiveCfg = Debug|iPhone
		{80C64D65-6EC9-4AB7-9980-F81360D99073}.Debug|iPhone.Build.0 = Debug|iPhone
		{80C64D65-6EC9-4AB7-9980-F81360D99073}.Debug|iPhoneSimulator.ActiveCfg = Debug|iPhoneSimulator
		{80C64D65-6EC9-4AB7-9980-F81360D99073}.Debug|iPhoneSimulator.Build.0 = Debug|iPhoneSimulator
		{80C64D65-6EC9-4AB7-9980-F81360D99073}.Debug|Mixed Platforms.ActiveCfg = Debug|iPhone
		{80C64D65-6EC9-4AB7-9980-F81360D99073}.Debug|Mixed Platforms.Build.0 = Debug|iPhone
		{80C64D65-6EC9-4AB7-9980-F81360D99073}.Debug|x86.ActiveCfg = Debug|iPhone
		{80C64D65-6EC9-4AB7-9980-F81360D99073}.Release|Any CPU.ActiveCfg = Release|iPhone
		{80C64D65-6EC9-4AB7-9980-F81360D99073}.Release|ARM.ActiveCfg = Release|iPhone
		{80C64D65-6EC9-4AB7-9980-F81360D99073}.Release|iPhone.ActiveCfg = Release|iPhone
		{80C64D65-6EC9-4AB7-9980-F81360D99073}.Release|iPhone.Build.0 = Release|iPhone
		{80C64D65-6EC9-4AB7-9980-F81360D99073}.Release|iPhoneSimulator.ActiveCfg = Release|iPhoneSimulator
		{80C64D65-6EC9-4AB7-9980-F81360D99073}.Release|iPhoneSimulator.Build.0 = Release|iPhoneSimulator
		{80C64D65-6EC9-4AB7-9980-F81360D99073}.Release|Mixed Platforms.ActiveCfg = Release|iPhone
		{80C64D65-6EC9-4AB7-9980-F81360D99073}.Release|Mixed Platforms.Build.0 = Release|iPhone
		{80C64D65-6EC9-4AB7-9980-F81360D99073}.Release|x86.ActiveCfg = Release|iPhone
		{4FB59A51-A87D-467C-AAF7-BE5AF148E5E1}.Ad-Hoc|Any CPU.ActiveCfg = Release|Any CPU
		{4FB59A51-A87D-467C-AAF7-BE5AF148E5E1}.Ad-Hoc|Any CPU.Build.0 = Release|Any CPU
		{4FB59A51-A87D-467C-AAF7-BE5AF148E5E1}.Ad-Hoc|Any CPU.Deploy.0 = Release|Any CPU
		{4FB59A51-A87D-467C-AAF7-BE5AF148E5E1}.Ad-Hoc|ARM.ActiveCfg = Release|Any CPU
		{4FB59A51-A87D-467C-AAF7-BE5AF148E5E1}.Ad-Hoc|iPhone.ActiveCfg = Release|Any CPU
		{4FB59A51-A87D-467C-AAF7-BE5AF148E5E1}.Ad-Hoc|iPhoneSimulator.ActiveCfg = Release|Any CPU
		{4FB59A51-A87D-467C-AAF7-BE5AF148E5E1}.Ad-Hoc|Mixed Platforms.ActiveCfg = Release|Any CPU
		{4FB59A51-A87D-467C-AAF7-BE5AF148E5E1}.Ad-Hoc|Mixed Platforms.Build.0 = Release|Any CPU
		{4FB59A51-A87D-467C-AAF7-BE5AF148E5E1}.Ad-Hoc|Mixed Platforms.Deploy.0 = Release|Any CPU
		{4FB59A51-A87D-467C-AAF7-BE5AF148E5E1}.Ad-Hoc|x86.ActiveCfg = Release|Any CPU
		{4FB59A51-A87D-467C-AAF7-BE5AF148E5E1}.AppStore|Any CPU.ActiveCfg = Release|Any CPU
		{4FB59A51-A87D-467C-AAF7-BE5AF148E5E1}.AppStore|Any CPU.Build.0 = Release|Any CPU
		{4FB59A51-A87D-467C-AAF7-BE5AF148E5E1}.AppStore|Any CPU.Deploy.0 = Release|Any CPU
		{4FB59A51-A87D-467C-AAF7-BE5AF148E5E1}.AppStore|ARM.ActiveCfg = Release|Any CPU
		{4FB59A51-A87D-467C-AAF7-BE5AF148E5E1}.AppStore|iPhone.ActiveCfg = Release|Any CPU
		{4FB59A51-A87D-467C-AAF7-BE5AF148E5E1}.AppStore|iPhoneSimulator.ActiveCfg = Release|Any CPU
		{4FB59A51-A87D-467C-AAF7-BE5AF148E5E1}.AppStore|Mixed Platforms.ActiveCfg = Release|Any CPU
		{4FB59A51-A87D-467C-AAF7-BE5AF148E5E1}.AppStore|Mixed Platforms.Build.0 = Release|Any CPU
		{4FB59A51-A87D-467C-AAF7-BE5AF148E5E1}.AppStore|Mixed Platforms.Deploy.0 = Release|Any CPU
		{4FB59A51-A87D-467C-AAF7-BE5AF148E5E1}.AppStore|x86.ActiveCfg = Release|Any CPU
		{4FB59A51-A87D-467C-AAF7-BE5AF148E5E1}.Debug|Any CPU.ActiveCfg = Debug|Any CPU
		{4FB59A51-A87D-467C-AAF7-BE5AF148E5E1}.Debug|Any CPU.Build.0 = Debug|Any CPU
		{4FB59A51-A87D-467C-AAF7-BE5AF148E5E1}.Debug|Any CPU.Deploy.0 = Debug|Any CPU
		{4FB59A51-A87D-467C-AAF7-BE5AF148E5E1}.Debug|ARM.ActiveCfg = Debug|Any CPU
		{4FB59A51-A87D-467C-AAF7-BE5AF148E5E1}.Debug|iPhone.ActiveCfg = Debug|Any CPU
		{4FB59A51-A87D-467C-AAF7-BE5AF148E5E1}.Debug|iPhoneSimulator.ActiveCfg = Debug|Any CPU
		{4FB59A51-A87D-467C-AAF7-BE5AF148E5E1}.Debug|Mixed Platforms.ActiveCfg = Debug|Any CPU
		{4FB59A51-A87D-467C-AAF7-BE5AF148E5E1}.Debug|Mixed Platforms.Build.0 = Debug|Any CPU
		{4FB59A51-A87D-467C-AAF7-BE5AF148E5E1}.Debug|Mixed Platforms.Deploy.0 = Debug|Any CPU
		{4FB59A51-A87D-467C-AAF7-BE5AF148E5E1}.Debug|x86.ActiveCfg = Debug|Any CPU
		{4FB59A51-A87D-467C-AAF7-BE5AF148E5E1}.Release|Any CPU.ActiveCfg = Release|Any CPU
		{4FB59A51-A87D-467C-AAF7-BE5AF148E5E1}.Release|Any CPU.Build.0 = Release|Any CPU
		{4FB59A51-A87D-467C-AAF7-BE5AF148E5E1}.Release|Any CPU.Deploy.0 = Release|Any CPU
		{4FB59A51-A87D-467C-AAF7-BE5AF148E5E1}.Release|ARM.ActiveCfg = Release|Any CPU
		{4FB59A51-A87D-467C-AAF7-BE5AF148E5E1}.Release|iPhone.ActiveCfg = Release|Any CPU
		{4FB59A51-A87D-467C-AAF7-BE5AF148E5E1}.Release|iPhoneSimulator.ActiveCfg = Release|Any CPU
		{4FB59A51-A87D-467C-AAF7-BE5AF148E5E1}.Release|Mixed Platforms.ActiveCfg = Release|Any CPU
		{4FB59A51-A87D-467C-AAF7-BE5AF148E5E1}.Release|Mixed Platforms.Build.0 = Release|Any CPU
		{4FB59A51-A87D-467C-AAF7-BE5AF148E5E1}.Release|Mixed Platforms.Deploy.0 = Release|Any CPU
		{4FB59A51-A87D-467C-AAF7-BE5AF148E5E1}.Release|x86.ActiveCfg = Release|Any CPU
		{150FBA1E-C162-4C8B-800A-47D9968E3CC5}.Ad-Hoc|Any CPU.ActiveCfg = Release|Any CPU
		{150FBA1E-C162-4C8B-800A-47D9968E3CC5}.Ad-Hoc|Any CPU.Build.0 = Release|Any CPU
		{150FBA1E-C162-4C8B-800A-47D9968E3CC5}.Ad-Hoc|Any CPU.Deploy.0 = Release|Any CPU
		{150FBA1E-C162-4C8B-800A-47D9968E3CC5}.Ad-Hoc|ARM.ActiveCfg = Release|ARM
		{150FBA1E-C162-4C8B-800A-47D9968E3CC5}.Ad-Hoc|ARM.Build.0 = Release|ARM
		{150FBA1E-C162-4C8B-800A-47D9968E3CC5}.Ad-Hoc|ARM.Deploy.0 = Release|ARM
		{150FBA1E-C162-4C8B-800A-47D9968E3CC5}.Ad-Hoc|iPhone.ActiveCfg = Release|Any CPU
		{150FBA1E-C162-4C8B-800A-47D9968E3CC5}.Ad-Hoc|iPhoneSimulator.ActiveCfg = Release|Any CPU
		{150FBA1E-C162-4C8B-800A-47D9968E3CC5}.Ad-Hoc|Mixed Platforms.ActiveCfg = Release|x86
		{150FBA1E-C162-4C8B-800A-47D9968E3CC5}.Ad-Hoc|Mixed Platforms.Build.0 = Release|x86
		{150FBA1E-C162-4C8B-800A-47D9968E3CC5}.Ad-Hoc|Mixed Platforms.Deploy.0 = Release|x86
		{150FBA1E-C162-4C8B-800A-47D9968E3CC5}.Ad-Hoc|x86.ActiveCfg = Release|x86
		{150FBA1E-C162-4C8B-800A-47D9968E3CC5}.Ad-Hoc|x86.Build.0 = Release|x86
		{150FBA1E-C162-4C8B-800A-47D9968E3CC5}.Ad-Hoc|x86.Deploy.0 = Release|x86
		{150FBA1E-C162-4C8B-800A-47D9968E3CC5}.AppStore|Any CPU.ActiveCfg = Release|Any CPU
		{150FBA1E-C162-4C8B-800A-47D9968E3CC5}.AppStore|Any CPU.Build.0 = Release|Any CPU
		{150FBA1E-C162-4C8B-800A-47D9968E3CC5}.AppStore|Any CPU.Deploy.0 = Release|Any CPU
		{150FBA1E-C162-4C8B-800A-47D9968E3CC5}.AppStore|ARM.ActiveCfg = Release|ARM
		{150FBA1E-C162-4C8B-800A-47D9968E3CC5}.AppStore|ARM.Build.0 = Release|ARM
		{150FBA1E-C162-4C8B-800A-47D9968E3CC5}.AppStore|ARM.Deploy.0 = Release|ARM
		{150FBA1E-C162-4C8B-800A-47D9968E3CC5}.AppStore|iPhone.ActiveCfg = Release|Any CPU
		{150FBA1E-C162-4C8B-800A-47D9968E3CC5}.AppStore|iPhoneSimulator.ActiveCfg = Release|Any CPU
		{150FBA1E-C162-4C8B-800A-47D9968E3CC5}.AppStore|Mixed Platforms.ActiveCfg = Release|x86
		{150FBA1E-C162-4C8B-800A-47D9968E3CC5}.AppStore|Mixed Platforms.Build.0 = Release|x86
		{150FBA1E-C162-4C8B-800A-47D9968E3CC5}.AppStore|Mixed Platforms.Deploy.0 = Release|x86
		{150FBA1E-C162-4C8B-800A-47D9968E3CC5}.AppStore|x86.ActiveCfg = Release|x86
		{150FBA1E-C162-4C8B-800A-47D9968E3CC5}.AppStore|x86.Build.0 = Release|x86
		{150FBA1E-C162-4C8B-800A-47D9968E3CC5}.AppStore|x86.Deploy.0 = Release|x86
		{150FBA1E-C162-4C8B-800A-47D9968E3CC5}.Debug|Any CPU.ActiveCfg = Debug|Any CPU
		{150FBA1E-C162-4C8B-800A-47D9968E3CC5}.Debug|Any CPU.Build.0 = Debug|Any CPU
		{150FBA1E-C162-4C8B-800A-47D9968E3CC5}.Debug|Any CPU.Deploy.0 = Debug|Any CPU
		{150FBA1E-C162-4C8B-800A-47D9968E3CC5}.Debug|ARM.ActiveCfg = Debug|ARM
		{150FBA1E-C162-4C8B-800A-47D9968E3CC5}.Debug|ARM.Build.0 = Debug|ARM
		{150FBA1E-C162-4C8B-800A-47D9968E3CC5}.Debug|ARM.Deploy.0 = Debug|ARM
		{150FBA1E-C162-4C8B-800A-47D9968E3CC5}.Debug|iPhone.ActiveCfg = Debug|Any CPU
		{150FBA1E-C162-4C8B-800A-47D9968E3CC5}.Debug|iPhoneSimulator.ActiveCfg = Debug|Any CPU
		{150FBA1E-C162-4C8B-800A-47D9968E3CC5}.Debug|Mixed Platforms.ActiveCfg = Debug|x86
		{150FBA1E-C162-4C8B-800A-47D9968E3CC5}.Debug|Mixed Platforms.Build.0 = Debug|x86
		{150FBA1E-C162-4C8B-800A-47D9968E3CC5}.Debug|Mixed Platforms.Deploy.0 = Debug|x86
		{150FBA1E-C162-4C8B-800A-47D9968E3CC5}.Debug|x86.ActiveCfg = Debug|x86
		{150FBA1E-C162-4C8B-800A-47D9968E3CC5}.Debug|x86.Build.0 = Debug|x86
		{150FBA1E-C162-4C8B-800A-47D9968E3CC5}.Debug|x86.Deploy.0 = Debug|x86
		{150FBA1E-C162-4C8B-800A-47D9968E3CC5}.Release|Any CPU.ActiveCfg = Release|Any CPU
		{150FBA1E-C162-4C8B-800A-47D9968E3CC5}.Release|Any CPU.Build.0 = Release|Any CPU
		{150FBA1E-C162-4C8B-800A-47D9968E3CC5}.Release|Any CPU.Deploy.0 = Release|Any CPU
		{150FBA1E-C162-4C8B-800A-47D9968E3CC5}.Release|ARM.ActiveCfg = Release|ARM
		{150FBA1E-C162-4C8B-800A-47D9968E3CC5}.Release|ARM.Build.0 = Release|ARM
		{150FBA1E-C162-4C8B-800A-47D9968E3CC5}.Release|ARM.Deploy.0 = Release|ARM
		{150FBA1E-C162-4C8B-800A-47D9968E3CC5}.Release|iPhone.ActiveCfg = Release|Any CPU
		{150FBA1E-C162-4C8B-800A-47D9968E3CC5}.Release|iPhoneSimulator.ActiveCfg = Release|Any CPU
		{150FBA1E-C162-4C8B-800A-47D9968E3CC5}.Release|Mixed Platforms.ActiveCfg = Release|x86
		{150FBA1E-C162-4C8B-800A-47D9968E3CC5}.Release|Mixed Platforms.Build.0 = Release|x86
		{150FBA1E-C162-4C8B-800A-47D9968E3CC5}.Release|Mixed Platforms.Deploy.0 = Release|x86
		{150FBA1E-C162-4C8B-800A-47D9968E3CC5}.Release|x86.ActiveCfg = Release|x86
		{150FBA1E-C162-4C8B-800A-47D9968E3CC5}.Release|x86.Build.0 = Release|x86
		{150FBA1E-C162-4C8B-800A-47D9968E3CC5}.Release|x86.Deploy.0 = Release|x86
	EndGlobalSection
	GlobalSection(SolutionProperties) = preSolution
		HideSolutionNode = FALSE
	EndGlobalSection
EndGlobal
