
Microsoft Visual Studio Solution File, Format Version 12.00
# Visual Studio 2012
Project("{FAE04EC0-301F-11D3-BF4B-00C04F79EFBC}") = "X_Calendar", "X_Calendar\X_Calendar\X_Calendar.csproj", "{A27B0897-FDCE-4D27-A0DC-F869FC5FC688}"
EndProject
Project("{FAE04EC0-301F-11D3-BF4B-00C04F79EFBC}") = "X_Calendar.iOS", "X_Calendar\X_Calendar.iOS\X_Calendar.iOS.csproj", "{B38C7030-B10D-42BC-A4B4-D0CD872313A1}"
EndProject
Project("{FAE04EC0-301F-11D3-BF4B-00C04F79EFBC}") = "X_Calendar.Droid", "X_Calendar\X_Calendar.Droid\X_Calendar.Droid.csproj", "{95D0FA62-214E-4C80-A7E7-EEEC322500A7}"
EndProject
Project("{FAE04EC0-301F-11D3-BF4B-00C04F79EFBC}") = "X_Calendar.WinPhone", "X_Calendar\X_Calendar.WinPhone\X_Calendar.WinPhone.csproj", "{A49E9503-E8BA-415C-A21A-AAC034444001}"
EndProject
Global
	GlobalSection(SolutionConfigurationPlatforms) = preSolution
		Ad-Hoc|Any CPU = Ad-Hoc|Any CPU
		Ad-Hoc|ARM = Ad-Hoc|ARM
		Ad-Hoc|iPhone = Ad-Hoc|iPhone
		Ad-Hoc|iPhoneSimulator = Ad-Hoc|iPhoneSimulator
		Ad-Hoc|Mixed Platforms = Ad-Hoc|Mixed Platforms
		Ad-Hoc|x86 = Ad-Hoc|x86
		AppStore|Any CPU = AppStore|Any CPU
		AppStore|ARM = AppStore|ARM
		AppStore|iPhone = AppStore|iPhone
		AppStore|iPhoneSimulator = AppStore|iPhoneSimulator
		AppStore|Mixed Platforms = AppStore|Mixed Platforms
		AppStore|x86 = AppStore|x86
		Debug|Any CPU = Debug|Any CPU
		Debug|ARM = Debug|ARM
		Debug|iPhone = Debug|iPhone
		Debug|iPhoneSimulator = Debug|iPhoneSimulator
		Debug|Mixed Platforms = Debug|Mixed Platforms
		Debug|x86 = Debug|x86
		Release|Any CPU = Release|Any CPU
		Release|ARM = Release|ARM
		Release|iPhone = Release|iPhone
		Release|iPhoneSimulator = Release|iPhoneSimulator
		Release|Mixed Platforms = Release|Mixed Platforms
		Release|x86 = Release|x86
	EndGlobalSection
	GlobalSection(ProjectConfigurationPlatforms) = postSolution
		{A27B0897-FDCE-4D27-A0DC-F869FC5FC688}.Ad-Hoc|Any CPU.ActiveCfg = Release|Any CPU
		{A27B0897-FDCE-4D27-A0DC-F869FC5FC688}.Ad-Hoc|Any CPU.Build.0 = Release|Any CPU
		{A27B0897-FDCE-4D27-A0DC-F869FC5FC688}.Ad-Hoc|ARM.ActiveCfg = Release|Any CPU
		{A27B0897-FDCE-4D27-A0DC-F869FC5FC688}.Ad-Hoc|iPhone.ActiveCfg = Release|Any CPU
		{A27B0897-FDCE-4D27-A0DC-F869FC5FC688}.Ad-Hoc|iPhoneSimulator.ActiveCfg = Release|Any CPU
		{A27B0897-FDCE-4D27-A0DC-F869FC5FC688}.Ad-Hoc|Mixed Platforms.ActiveCfg = Release|Any CPU
		{A27B0897-FDCE-4D27-A0DC-F869FC5FC688}.Ad-Hoc|Mixed Platforms.Build.0 = Release|Any CPU
		{A27B0897-FDCE-4D27-A0DC-F869FC5FC688}.Ad-Hoc|x86.ActiveCfg = Release|Any CPU
		{A27B0897-FDCE-4D27-A0DC-F869FC5FC688}.AppStore|Any CPU.ActiveCfg = Release|Any CPU
		{A27B0897-FDCE-4D27-A0DC-F869FC5FC688}.AppStore|Any CPU.Build.0 = Release|Any CPU
		{A27B0897-FDCE-4D27-A0DC-F869FC5FC688}.AppStore|ARM.ActiveCfg = Release|Any CPU
		{A27B0897-FDCE-4D27-A0DC-F869FC5FC688}.AppStore|iPhone.ActiveCfg = Release|Any CPU
		{A27B0897-FDCE-4D27-A0DC-F869FC5FC688}.AppStore|iPhoneSimulator.ActiveCfg = Release|Any CPU
		{A27B0897-FDCE-4D27-A0DC-F869FC5FC688}.AppStore|Mixed Platforms.ActiveCfg = Release|Any CPU
		{A27B0897-FDCE-4D27-A0DC-F869FC5FC688}.AppStore|Mixed Platforms.Build.0 = Release|Any CPU
		{A27B0897-FDCE-4D27-A0DC-F869FC5FC688}.AppStore|x86.ActiveCfg = Release|Any CPU
		{A27B0897-FDCE-4D27-A0DC-F869FC5FC688}.Debug|Any CPU.ActiveCfg = Debug|Any CPU
		{A27B0897-FDCE-4D27-A0DC-F869FC5FC688}.Debug|Any CPU.Build.0 = Debug|Any CPU
		{A27B0897-FDCE-4D27-A0DC-F869FC5FC688}.Debug|ARM.ActiveCfg = Debug|Any CPU
		{A27B0897-FDCE-4D27-A0DC-F869FC5FC688}.Debug|iPhone.ActiveCfg = Debug|Any CPU
		{A27B0897-FDCE-4D27-A0DC-F869FC5FC688}.Debug|iPhoneSimulator.ActiveCfg = Debug|Any CPU
		{A27B0897-FDCE-4D27-A0DC-F869FC5FC688}.Debug|Mixed Platforms.ActiveCfg = Debug|Any CPU
		{A27B0897-FDCE-4D27-A0DC-F869FC5FC688}.Debug|Mixed Platforms.Build.0 = Debug|Any CPU
		{A27B0897-FDCE-4D27-A0DC-F869FC5FC688}.Debug|x86.ActiveCfg = Debug|Any CPU
		{A27B0897-FDCE-4D27-A0DC-F869FC5FC688}.Release|Any CPU.ActiveCfg = Release|Any CPU
		{A27B0897-FDCE-4D27-A0DC-F869FC5FC688}.Release|Any CPU.Build.0 = Release|Any CPU
		{A27B0897-FDCE-4D27-A0DC-F869FC5FC688}.Release|ARM.ActiveCfg = Release|Any CPU
		{A27B0897-FDCE-4D27-A0DC-F869FC5FC688}.Release|iPhone.ActiveCfg = Release|Any CPU
		{A27B0897-FDCE-4D27-A0DC-F869FC5FC688}.Release|iPhoneSimulator.ActiveCfg = Release|Any CPU
		{A27B0897-FDCE-4D27-A0DC-F869FC5FC688}.Release|Mixed Platforms.ActiveCfg = Release|Any CPU
		{A27B0897-FDCE-4D27-A0DC-F869FC5FC688}.Release|Mixed Platforms.Build.0 = Release|Any CPU
		{A27B0897-FDCE-4D27-A0DC-F869FC5FC688}.Release|x86.ActiveCfg = Release|Any CPU
		{B38C7030-B10D-42BC-A4B4-D0CD872313A1}.Ad-Hoc|Any CPU.ActiveCfg = Ad-Hoc|iPhone
		{B38C7030-B10D-42BC-A4B4-D0CD872313A1}.Ad-Hoc|ARM.ActiveCfg = Ad-Hoc|iPhone
		{B38C7030-B10D-42BC-A4B4-D0CD872313A1}.Ad-Hoc|iPhone.ActiveCfg = Ad-Hoc|iPhone
		{B38C7030-B10D-42BC-A4B4-D0CD872313A1}.Ad-Hoc|iPhone.Build.0 = Ad-Hoc|iPhone
		{B38C7030-B10D-42BC-A4B4-D0CD872313A1}.Ad-Hoc|iPhoneSimulator.ActiveCfg = Ad-Hoc|iPhoneSimulator
		{B38C7030-B10D-42BC-A4B4-D0CD872313A1}.Ad-Hoc|iPhoneSimulator.Build.0 = Ad-Hoc|iPhoneSimulator
		{B38C7030-B10D-42BC-A4B4-D0CD872313A1}.Ad-Hoc|Mixed Platforms.ActiveCfg = Ad-Hoc|iPhone
		{B38C7030-B10D-42BC-A4B4-D0CD872313A1}.Ad-Hoc|Mixed Platforms.Build.0 = Ad-Hoc|iPhone
		{B38C7030-B10D-42BC-A4B4-D0CD872313A1}.Ad-Hoc|x86.ActiveCfg = Ad-Hoc|iPhone
		{B38C7030-B10D-42BC-A4B4-D0CD872313A1}.AppStore|Any CPU.ActiveCfg = AppStore|iPhone
		{B38C7030-B10D-42BC-A4B4-D0CD872313A1}.AppStore|ARM.ActiveCfg = AppStore|iPhone
		{B38C7030-B10D-42BC-A4B4-D0CD872313A1}.AppStore|iPhone.ActiveCfg = AppStore|iPhone
		{B38C7030-B10D-42BC-A4B4-D0CD872313A1}.AppStore|iPhone.Build.0 = AppStore|iPhone
		{B38C7030-B10D-42BC-A4B4-D0CD872313A1}.AppStore|iPhoneSimulator.ActiveCfg = AppStore|iPhoneSimulator
		{B38C7030-B10D-42BC-A4B4-D0CD872313A1}.AppStore|iPhoneSimulator.Build.0 = AppStore|iPhoneSimulator
		{B38C7030-B10D-42BC-A4B4-D0CD872313A1}.AppStore|Mixed Platforms.ActiveCfg = AppStore|iPhone
		{B38C7030-B10D-42BC-A4B4-D0CD872313A1}.AppStore|Mixed Platforms.Build.0 = AppStore|iPhone
		{B38C7030-B10D-42BC-A4B4-D0CD872313A1}.AppStore|x86.ActiveCfg = AppStore|iPhone
		{B38C7030-B10D-42BC-A4B4-D0CD872313A1}.Debug|Any CPU.ActiveCfg = Debug|iPhone
		{B38C7030-B10D-42BC-A4B4-D0CD872313A1}.Debug|ARM.ActiveCfg = Debug|iPhone
		{B38C7030-B10D-42BC-A4B4-D0CD872313A1}.Debug|iPhone.ActiveCfg = Debug|iPhone
		{B38C7030-B10D-42BC-A4B4-D0CD872313A1}.Debug|iPhone.Build.0 = Debug|iPhone
		{B38C7030-B10D-42BC-A4B4-D0CD872313A1}.Debug|iPhoneSimulator.ActiveCfg = Debug|iPhoneSimulator
		{B38C7030-B10D-42BC-A4B4-D0CD872313A1}.Debug|iPhoneSimulator.Build.0 = Debug|iPhoneSimulator
		{B38C7030-B10D-42BC-A4B4-D0CD872313A1}.Debug|Mixed Platforms.ActiveCfg = Debug|iPhone
		{B38C7030-B10D-42BC-A4B4-D0CD872313A1}.Debug|Mixed Platforms.Build.0 = Debug|iPhone
		{B38C7030-B10D-42BC-A4B4-D0CD872313A1}.Debug|x86.ActiveCfg = Debug|iPhone
		{B38C7030-B10D-42BC-A4B4-D0CD872313A1}.Release|Any CPU.ActiveCfg = Release|iPhone
		{B38C7030-B10D-42BC-A4B4-D0CD872313A1}.Release|ARM.ActiveCfg = Release|iPhone
		{B38C7030-B10D-42BC-A4B4-D0CD872313A1}.Release|iPhone.ActiveCfg = Release|iPhone
		{B38C7030-B10D-42BC-A4B4-D0CD872313A1}.Release|iPhone.Build.0 = Release|iPhone
		{B38C7030-B10D-42BC-A4B4-D0CD872313A1}.Release|iPhoneSimulator.ActiveCfg = Release|iPhoneSimulator
		{B38C7030-B10D-42BC-A4B4-D0CD872313A1}.Release|iPhoneSimulator.Build.0 = Release|iPhoneSimulator
		{B38C7030-B10D-42BC-A4B4-D0CD872313A1}.Release|Mixed Platforms.ActiveCfg = Release|iPhone
		{B38C7030-B10D-42BC-A4B4-D0CD872313A1}.Release|Mixed Platforms.Build.0 = Release|iPhone
		{B38C7030-B10D-42BC-A4B4-D0CD872313A1}.Release|x86.ActiveCfg = Release|iPhone
		{95D0FA62-214E-4C80-A7E7-EEEC322500A7}.Ad-Hoc|Any CPU.ActiveCfg = Release|Any CPU
		{95D0FA62-214E-4C80-A7E7-EEEC322500A7}.Ad-Hoc|Any CPU.Build.0 = Release|Any CPU
		{95D0FA62-214E-4C80-A7E7-EEEC322500A7}.Ad-Hoc|Any CPU.Deploy.0 = Release|Any CPU
		{95D0FA62-214E-4C80-A7E7-EEEC322500A7}.Ad-Hoc|ARM.ActiveCfg = Release|Any CPU
		{95D0FA62-214E-4C80-A7E7-EEEC322500A7}.Ad-Hoc|iPhone.ActiveCfg = Release|Any CPU
		{95D0FA62-214E-4C80-A7E7-EEEC322500A7}.Ad-Hoc|iPhoneSimulator.ActiveCfg = Release|Any CPU
		{95D0FA62-214E-4C80-A7E7-EEEC322500A7}.Ad-Hoc|Mixed Platforms.ActiveCfg = Release|Any CPU
		{95D0FA62-214E-4C80-A7E7-EEEC322500A7}.Ad-Hoc|Mixed Platforms.Build.0 = Release|Any CPU
		{95D0FA62-214E-4C80-A7E7-EEEC322500A7}.Ad-Hoc|Mixed Platforms.Deploy.0 = Release|Any CPU
		{95D0FA62-214E-4C80-A7E7-EEEC322500A7}.Ad-Hoc|x86.ActiveCfg = Release|Any CPU
		{95D0FA62-214E-4C80-A7E7-EEEC322500A7}.AppStore|Any CPU.ActiveCfg = Release|Any CPU
		{95D0FA62-214E-4C80-A7E7-EEEC322500A7}.AppStore|Any CPU.Build.0 = Release|Any CPU
		{95D0FA62-214E-4C80-A7E7-EEEC322500A7}.AppStore|Any CPU.Deploy.0 = Release|Any CPU
		{95D0FA62-214E-4C80-A7E7-EEEC322500A7}.AppStore|ARM.ActiveCfg = Release|Any CPU
		{95D0FA62-214E-4C80-A7E7-EEEC322500A7}.AppStore|iPhone.ActiveCfg = Release|Any CPU
		{95D0FA62-214E-4C80-A7E7-EEEC322500A7}.AppStore|iPhoneSimulator.ActiveCfg = Release|Any CPU
		{95D0FA62-214E-4C80-A7E7-EEEC322500A7}.AppStore|Mixed Platforms.ActiveCfg = Release|Any CPU
		{95D0FA62-214E-4C80-A7E7-EEEC322500A7}.AppStore|Mixed Platforms.Build.0 = Release|Any CPU
		{95D0FA62-214E-4C80-A7E7-EEEC322500A7}.AppStore|Mixed Platforms.Deploy.0 = Release|Any CPU
		{95D0FA62-214E-4C80-A7E7-EEEC322500A7}.AppStore|x86.ActiveCfg = Release|Any CPU
		{95D0FA62-214E-4C80-A7E7-EEEC322500A7}.Debug|Any CPU.ActiveCfg = Debug|Any CPU
		{95D0FA62-214E-4C80-A7E7-EEEC322500A7}.Debug|Any CPU.Build.0 = Debug|Any CPU
		{95D0FA62-214E-4C80-A7E7-EEEC322500A7}.Debug|Any CPU.Deploy.0 = Debug|Any CPU
		{95D0FA62-214E-4C80-A7E7-EEEC322500A7}.Debug|ARM.ActiveCfg = Debug|Any CPU
		{95D0FA62-214E-4C80-A7E7-EEEC322500A7}.Debug|iPhone.ActiveCfg = Debug|Any CPU
		{95D0FA62-214E-4C80-A7E7-EEEC322500A7}.Debug|iPhoneSimulator.ActiveCfg = Debug|Any CPU
		{95D0FA62-214E-4C80-A7E7-EEEC322500A7}.Debug|Mixed Platforms.ActiveCfg = Debug|Any CPU
		{95D0FA62-214E-4C80-A7E7-EEEC322500A7}.Debug|Mixed Platforms.Build.0 = Debug|Any CPU
		{95D0FA62-214E-4C80-A7E7-EEEC322500A7}.Debug|Mixed Platforms.Deploy.0 = Debug|Any CPU
		{95D0FA62-214E-4C80-A7E7-EEEC322500A7}.Debug|x86.ActiveCfg = Debug|Any CPU
		{95D0FA62-214E-4C80-A7E7-EEEC322500A7}.Release|Any CPU.ActiveCfg = Release|Any CPU
		{95D0FA62-214E-4C80-A7E7-EEEC322500A7}.Release|Any CPU.Build.0 = Release|Any CPU
		{95D0FA62-214E-4C80-A7E7-EEEC322500A7}.Release|Any CPU.Deploy.0 = Release|Any CPU
		{95D0FA62-214E-4C80-A7E7-EEEC322500A7}.Release|ARM.ActiveCfg = Release|Any CPU
		{95D0FA62-214E-4C80-A7E7-EEEC322500A7}.Release|iPhone.ActiveCfg = Release|Any CPU
		{95D0FA62-214E-4C80-A7E7-EEEC322500A7}.Release|iPhoneSimulator.ActiveCfg = Release|Any CPU
		{95D0FA62-214E-4C80-A7E7-EEEC322500A7}.Release|Mixed Platforms.ActiveCfg = Release|Any CPU
		{95D0FA62-214E-4C80-A7E7-EEEC322500A7}.Release|Mixed Platforms.Build.0 = Release|Any CPU
		{95D0FA62-214E-4C80-A7E7-EEEC322500A7}.Release|Mixed Platforms.Deploy.0 = Release|Any CPU
		{95D0FA62-214E-4C80-A7E7-EEEC322500A7}.Release|x86.ActiveCfg = Release|Any CPU
		{A49E9503-E8BA-415C-A21A-AAC034444001}.Ad-Hoc|Any CPU.ActiveCfg = Release|Any CPU
		{A49E9503-E8BA-415C-A21A-AAC034444001}.Ad-Hoc|Any CPU.Build.0 = Release|Any CPU
		{A49E9503-E8BA-415C-A21A-AAC034444001}.Ad-Hoc|Any CPU.Deploy.0 = Release|Any CPU
		{A49E9503-E8BA-415C-A21A-AAC034444001}.Ad-Hoc|ARM.ActiveCfg = Release|ARM
		{A49E9503-E8BA-415C-A21A-AAC034444001}.Ad-Hoc|ARM.Build.0 = Release|ARM
		{A49E9503-E8BA-415C-A21A-AAC034444001}.Ad-Hoc|ARM.Deploy.0 = Release|ARM
		{A49E9503-E8BA-415C-A21A-AAC034444001}.Ad-Hoc|iPhone.ActiveCfg = Release|Any CPU
		{A49E9503-E8BA-415C-A21A-AAC034444001}.Ad-Hoc|iPhoneSimulator.ActiveCfg = Release|Any CPU
		{A49E9503-E8BA-415C-A21A-AAC034444001}.Ad-Hoc|Mixed Platforms.ActiveCfg = Release|x86
		{A49E9503-E8BA-415C-A21A-AAC034444001}.Ad-Hoc|Mixed Platforms.Build.0 = Release|x86
		{A49E9503-E8BA-415C-A21A-AAC034444001}.Ad-Hoc|Mixed Platforms.Deploy.0 = Release|x86
		{A49E9503-E8BA-415C-A21A-AAC034444001}.Ad-Hoc|x86.ActiveCfg = Release|x86
		{A49E9503-E8BA-415C-A21A-AAC034444001}.Ad-Hoc|x86.Build.0 = Release|x86
		{A49E9503-E8BA-415C-A21A-AAC034444001}.Ad-Hoc|x86.Deploy.0 = Release|x86
		{A49E9503-E8BA-415C-A21A-AAC034444001}.AppStore|Any CPU.ActiveCfg = Release|Any CPU
		{A49E9503-E8BA-415C-A21A-AAC034444001}.AppStore|Any CPU.Build.0 = Release|Any CPU
		{A49E9503-E8BA-415C-A21A-AAC034444001}.AppStore|Any CPU.Deploy.0 = Release|Any CPU
		{A49E9503-E8BA-415C-A21A-AAC034444001}.AppStore|ARM.ActiveCfg = Release|ARM
		{A49E9503-E8BA-415C-A21A-AAC034444001}.AppStore|ARM.Build.0 = Release|ARM
		{A49E9503-E8BA-415C-A21A-AAC034444001}.AppStore|ARM.Deploy.0 = Release|ARM
		{A49E9503-E8BA-415C-A21A-AAC034444001}.AppStore|iPhone.ActiveCfg = Release|Any CPU
		{A49E9503-E8BA-415C-A21A-AAC034444001}.AppStore|iPhoneSimulator.ActiveCfg = Release|Any CPU
		{A49E9503-E8BA-415C-A21A-AAC034444001}.AppStore|Mixed Platforms.ActiveCfg = Release|x86
		{A49E9503-E8BA-415C-A21A-AAC034444001}.AppStore|Mixed Platforms.Build.0 = Release|x86
		{A49E9503-E8BA-415C-A21A-AAC034444001}.AppStore|Mixed Platforms.Deploy.0 = Release|x86
		{A49E9503-E8BA-415C-A21A-AAC034444001}.AppStore|x86.ActiveCfg = Release|x86
		{A49E9503-E8BA-415C-A21A-AAC034444001}.AppStore|x86.Build.0 = Release|x86
		{A49E9503-E8BA-415C-A21A-AAC034444001}.AppStore|x86.Deploy.0 = Release|x86
		{A49E9503-E8BA-415C-A21A-AAC034444001}.Debug|Any CPU.ActiveCfg = Debug|Any CPU
		{A49E9503-E8BA-415C-A21A-AAC034444001}.Debug|Any CPU.Build.0 = Debug|Any CPU
		{A49E9503-E8BA-415C-A21A-AAC034444001}.Debug|Any CPU.Deploy.0 = Debug|Any CPU
		{A49E9503-E8BA-415C-A21A-AAC034444001}.Debug|ARM.ActiveCfg = Debug|ARM
		{A49E9503-E8BA-415C-A21A-AAC034444001}.Debug|ARM.Build.0 = Debug|ARM
		{A49E9503-E8BA-415C-A21A-AAC034444001}.Debug|ARM.Deploy.0 = Debug|ARM
		{A49E9503-E8BA-415C-A21A-AAC034444001}.Debug|iPhone.ActiveCfg = Debug|Any CPU
		{A49E9503-E8BA-415C-A21A-AAC034444001}.Debug|iPhoneSimulator.ActiveCfg = Debug|Any CPU
		{A49E9503-E8BA-415C-A21A-AAC034444001}.Debug|Mixed Platforms.ActiveCfg = Debug|x86
		{A49E9503-E8BA-415C-A21A-AAC034444001}.Debug|Mixed Platforms.Build.0 = Debug|x86
		{A49E9503-E8BA-415C-A21A-AAC034444001}.Debug|Mixed Platforms.Deploy.0 = Debug|x86
		{A49E9503-E8BA-415C-A21A-AAC034444001}.Debug|x86.ActiveCfg = Debug|x86
		{A49E9503-E8BA-415C-A21A-AAC034444001}.Debug|x86.Build.0 = Debug|x86
		{A49E9503-E8BA-415C-A21A-AAC034444001}.Debug|x86.Deploy.0 = Debug|x86
		{A49E9503-E8BA-415C-A21A-AAC034444001}.Release|Any CPU.ActiveCfg = Release|Any CPU
		{A49E9503-E8BA-415C-A21A-AAC034444001}.Release|Any CPU.Build.0 = Release|Any CPU
		{A49E9503-E8BA-415C-A21A-AAC034444001}.Release|Any CPU.Deploy.0 = Release|Any CPU
		{A49E9503-E8BA-415C-A21A-AAC034444001}.Release|ARM.ActiveCfg = Release|ARM
		{A49E9503-E8BA-415C-A21A-AAC034444001}.Release|ARM.Build.0 = Release|ARM
		{A49E9503-E8BA-415C-A21A-AAC034444001}.Release|ARM.Deploy.0 = Release|ARM
		{A49E9503-E8BA-415C-A21A-AAC034444001}.Release|iPhone.ActiveCfg = Release|Any CPU
		{A49E9503-E8BA-415C-A21A-AAC034444001}.Release|iPhoneSimulator.ActiveCfg = Release|Any CPU
		{A49E9503-E8BA-415C-A21A-AAC034444001}.Release|Mixed Platforms.ActiveCfg = Release|x86
		{A49E9503-E8BA-415C-A21A-AAC034444001}.Release|Mixed Platforms.Build.0 = Release|x86
		{A49E9503-E8BA-415C-A21A-AAC034444001}.Release|Mixed Platforms.Deploy.0 = Release|x86
		{A49E9503-E8BA-415C-A21A-AAC034444001}.Release|x86.ActiveCfg = Release|x86
		{A49E9503-E8BA-415C-A21A-AAC034444001}.Release|x86.Build.0 = Release|x86
		{A49E9503-E8BA-415C-A21A-AAC034444001}.Release|x86.Deploy.0 = Release|x86
	EndGlobalSection
	GlobalSection(SolutionProperties) = preSolution
		HideSolutionNode = FALSE
	EndGlobalSection
EndGlobal
