
Microsoft Visual Studio Solution File, Format Version 12.00
# Visual Studio 14
VisualStudioVersion = 14.0.25420.1
MinimumVisualStudioVersion = 10.0.40219.1
Project("{FAE04EC0-301F-11D3-BF4B-00C04F79EFBC}") = "GridLikeListView.Android", "GridLikeListView\GridLikeListView.Android\GridLikeListView.Android.csproj", "{A3A14803-35FE-4B83-9DDB-DF4FCB771E21}"
EndProject
Project("{FAE04EC0-301F-11D3-BF4B-00C04F79EFBC}") = "GridLikeListView", "GridLikeListView\GridLikeListView\GridLikeListView.csproj", "{5C96FFAE-287D-44D7-B330-47608E56F9F0}"
EndProject
Project("{FAE04EC0-301F-11D3-BF4B-00C04F79EFBC}") = "GridLikeListView.UWP", "GridLikeListView\GridLikeListView.UWP\GridLikeListView.UWP.csproj", "{A6C517EF-0FB1-4A63-BA49-ECB0F0E43C0B}"
EndProject
Project("{FAE04EC0-301F-11D3-BF4B-00C04F79EFBC}") = "GridLikeListView.iOS", "GridLikeListView\GridLikeListView.iOS\GridLikeListView.iOS.csproj", "{C3AB3E95-9C8F-413F-BD98-0BA10BF9CBCE}"
EndProject
Global
	GlobalSection(SolutionConfigurationPlatforms) = preSolution
		Ad-Hoc|Any CPU = Ad-Hoc|Any CPU
		Ad-Hoc|ARM = Ad-Hoc|ARM
		Ad-Hoc|iPhone = Ad-Hoc|iPhone
		Ad-Hoc|iPhoneSimulator = Ad-Hoc|iPhoneSimulator
		Ad-Hoc|x64 = Ad-Hoc|x64
		Ad-Hoc|x86 = Ad-Hoc|x86
		AppStore|Any CPU = AppStore|Any CPU
		AppStore|ARM = AppStore|ARM
		AppStore|iPhone = AppStore|iPhone
		AppStore|iPhoneSimulator = AppStore|iPhoneSimulator
		AppStore|x64 = AppStore|x64
		AppStore|x86 = AppStore|x86
		Debug|Any CPU = Debug|Any CPU
		Debug|ARM = Debug|ARM
		Debug|iPhone = Debug|iPhone
		Debug|iPhoneSimulator = Debug|iPhoneSimulator
		Debug|x64 = Debug|x64
		Debug|x86 = Debug|x86
		Release|Any CPU = Release|Any CPU
		Release|ARM = Release|ARM
		Release|iPhone = Release|iPhone
		Release|iPhoneSimulator = Release|iPhoneSimulator
		Release|x64 = Release|x64
		Release|x86 = Release|x86
	EndGlobalSection
	GlobalSection(ProjectConfigurationPlatforms) = postSolution
		{A3A14803-35FE-4B83-9DDB-DF4FCB771E21}.Ad-Hoc|Any CPU.ActiveCfg = Release|Any CPU
		{A3A14803-35FE-4B83-9DDB-DF4FCB771E21}.Ad-Hoc|Any CPU.Build.0 = Release|Any CPU
		{A3A14803-35FE-4B83-9DDB-DF4FCB771E21}.Ad-Hoc|Any CPU.Deploy.0 = Release|Any CPU
		{A3A14803-35FE-4B83-9DDB-DF4FCB771E21}.Ad-Hoc|ARM.ActiveCfg = Release|Any CPU
		{A3A14803-35FE-4B83-9DDB-DF4FCB771E21}.Ad-Hoc|ARM.Build.0 = Release|Any CPU
		{A3A14803-35FE-4B83-9DDB-DF4FCB771E21}.Ad-Hoc|ARM.Deploy.0 = Release|Any CPU
		{A3A14803-35FE-4B83-9DDB-DF4FCB771E21}.Ad-Hoc|iPhone.ActiveCfg = Release|Any CPU
		{A3A14803-35FE-4B83-9DDB-DF4FCB771E21}.Ad-Hoc|iPhone.Build.0 = Release|Any CPU
		{A3A14803-35FE-4B83-9DDB-DF4FCB771E21}.Ad-Hoc|iPhone.Deploy.0 = Release|Any CPU
		{A3A14803-35FE-4B83-9DDB-DF4FCB771E21}.Ad-Hoc|iPhoneSimulator.ActiveCfg = Release|Any CPU
		{A3A14803-35FE-4B83-9DDB-DF4FCB771E21}.Ad-Hoc|iPhoneSimulator.Build.0 = Release|Any CPU
		{A3A14803-35FE-4B83-9DDB-DF4FCB771E21}.Ad-Hoc|iPhoneSimulator.Deploy.0 = Release|Any CPU
		{A3A14803-35FE-4B83-9DDB-DF4FCB771E21}.Ad-Hoc|x64.ActiveCfg = Release|Any CPU
		{A3A14803-35FE-4B83-9DDB-DF4FCB771E21}.Ad-Hoc|x64.Build.0 = Release|Any CPU
		{A3A14803-35FE-4B83-9DDB-DF4FCB771E21}.Ad-Hoc|x64.Deploy.0 = Release|Any CPU
		{A3A14803-35FE-4B83-9DDB-DF4FCB771E21}.Ad-Hoc|x86.ActiveCfg = Release|Any CPU
		{A3A14803-35FE-4B83-9DDB-DF4FCB771E21}.Ad-Hoc|x86.Build.0 = Release|Any CPU
		{A3A14803-35FE-4B83-9DDB-DF4FCB771E21}.Ad-Hoc|x86.Deploy.0 = Release|Any CPU
		{A3A14803-35FE-4B83-9DDB-DF4FCB771E21}.AppStore|Any CPU.ActiveCfg = Release|Any CPU
		{A3A14803-35FE-4B83-9DDB-DF4FCB771E21}.AppStore|Any CPU.Build.0 = Release|Any CPU
		{A3A14803-35FE-4B83-9DDB-DF4FCB771E21}.AppStore|Any CPU.Deploy.0 = Release|Any CPU
		{A3A14803-35FE-4B83-9DDB-DF4FCB771E21}.AppStore|ARM.ActiveCfg = Release|Any CPU
		{A3A14803-35FE-4B83-9DDB-DF4FCB771E21}.AppStore|ARM.Build.0 = Release|Any CPU
		{A3A14803-35FE-4B83-9DDB-DF4FCB771E21}.AppStore|ARM.Deploy.0 = Release|Any CPU
		{A3A14803-35FE-4B83-9DDB-DF4FCB771E21}.AppStore|iPhone.ActiveCfg = Release|Any CPU
		{A3A14803-35FE-4B83-9DDB-DF4FCB771E21}.AppStore|iPhone.Build.0 = Release|Any CPU
		{A3A14803-35FE-4B83-9DDB-DF4FCB771E21}.AppStore|iPhone.Deploy.0 = Release|Any CPU
		{A3A14803-35FE-4B83-9DDB-DF4FCB771E21}.AppStore|iPhoneSimulator.ActiveCfg = Release|Any CPU
		{A3A14803-35FE-4B83-9DDB-DF4FCB771E21}.AppStore|iPhoneSimulator.Build.0 = Release|Any CPU
		{A3A14803-35FE-4B83-9DDB-DF4FCB771E21}.AppStore|iPhoneSimulator.Deploy.0 = Release|Any CPU
		{A3A14803-35FE-4B83-9DDB-DF4FCB771E21}.AppStore|x64.ActiveCfg = Release|Any CPU
		{A3A14803-35FE-4B83-9DDB-DF4FCB771E21}.AppStore|x64.Build.0 = Release|Any CPU
		{A3A14803-35FE-4B83-9DDB-DF4FCB771E21}.AppStore|x64.Deploy.0 = Release|Any CPU
		{A3A14803-35FE-4B83-9DDB-DF4FCB771E21}.AppStore|x86.ActiveCfg = Release|Any CPU
		{A3A14803-35FE-4B83-9DDB-DF4FCB771E21}.AppStore|x86.Build.0 = Release|Any CPU
		{A3A14803-35FE-4B83-9DDB-DF4FCB771E21}.AppStore|x86.Deploy.0 = Release|Any CPU
		{A3A14803-35FE-4B83-9DDB-DF4FCB771E21}.Debug|Any CPU.ActiveCfg = Debug|Any CPU
		{A3A14803-35FE-4B83-9DDB-DF4FCB771E21}.Debug|Any CPU.Build.0 = Debug|Any CPU
		{A3A14803-35FE-4B83-9DDB-DF4FCB771E21}.Debug|Any CPU.Deploy.0 = Debug|Any CPU
		{A3A14803-35FE-4B83-9DDB-DF4FCB771E21}.Debug|ARM.ActiveCfg = Debug|Any CPU
		{A3A14803-35FE-4B83-9DDB-DF4FCB771E21}.Debug|ARM.Build.0 = Debug|Any CPU
		{A3A14803-35FE-4B83-9DDB-DF4FCB771E21}.Debug|ARM.Deploy.0 = Debug|Any CPU
		{A3A14803-35FE-4B83-9DDB-DF4FCB771E21}.Debug|iPhone.ActiveCfg = Debug|Any CPU
		{A3A14803-35FE-4B83-9DDB-DF4FCB771E21}.Debug|iPhone.Build.0 = Debug|Any CPU
		{A3A14803-35FE-4B83-9DDB-DF4FCB771E21}.Debug|iPhone.Deploy.0 = Debug|Any CPU
		{A3A14803-35FE-4B83-9DDB-DF4FCB771E21}.Debug|iPhoneSimulator.ActiveCfg = Debug|Any CPU
		{A3A14803-35FE-4B83-9DDB-DF4FCB771E21}.Debug|iPhoneSimulator.Build.0 = Debug|Any CPU
		{A3A14803-35FE-4B83-9DDB-DF4FCB771E21}.Debug|iPhoneSimulator.Deploy.0 = Debug|Any CPU
		{A3A14803-35FE-4B83-9DDB-DF4FCB771E21}.Debug|x64.ActiveCfg = Debug|Any CPU
		{A3A14803-35FE-4B83-9DDB-DF4FCB771E21}.Debug|x64.Build.0 = Debug|Any CPU
		{A3A14803-35FE-4B83-9DDB-DF4FCB771E21}.Debug|x64.Deploy.0 = Debug|Any CPU
		{A3A14803-35FE-4B83-9DDB-DF4FCB771E21}.Debug|x86.ActiveCfg = Debug|Any CPU
		{A3A14803-35FE-4B83-9DDB-DF4FCB771E21}.Debug|x86.Build.0 = Debug|Any CPU
		{A3A14803-35FE-4B83-9DDB-DF4FCB771E21}.Debug|x86.Deploy.0 = Debug|Any CPU
		{A3A14803-35FE-4B83-9DDB-DF4FCB771E21}.Release|Any CPU.ActiveCfg = Release|Any CPU
		{A3A14803-35FE-4B83-9DDB-DF4FCB771E21}.Release|Any CPU.Build.0 = Release|Any CPU
		{A3A14803-35FE-4B83-9DDB-DF4FCB771E21}.Release|Any CPU.Deploy.0 = Release|Any CPU
		{A3A14803-35FE-4B83-9DDB-DF4FCB771E21}.Release|ARM.ActiveCfg = Release|Any CPU
		{A3A14803-35FE-4B83-9DDB-DF4FCB771E21}.Release|ARM.Build.0 = Release|Any CPU
		{A3A14803-35FE-4B83-9DDB-DF4FCB771E21}.Release|ARM.Deploy.0 = Release|Any CPU
		{A3A14803-35FE-4B83-9DDB-DF4FCB771E21}.Release|iPhone.ActiveCfg = Release|Any CPU
		{A3A14803-35FE-4B83-9DDB-DF4FCB771E21}.Release|iPhone.Build.0 = Release|Any CPU
		{A3A14803-35FE-4B83-9DDB-DF4FCB771E21}.Release|iPhone.Deploy.0 = Release|Any CPU
		{A3A14803-35FE-4B83-9DDB-DF4FCB771E21}.Release|iPhoneSimulator.ActiveCfg = Release|Any CPU
		{A3A14803-35FE-4B83-9DDB-DF4FCB771E21}.Release|iPhoneSimulator.Build.0 = Release|Any CPU
		{A3A14803-35FE-4B83-9DDB-DF4FCB771E21}.Release|iPhoneSimulator.Deploy.0 = Release|Any CPU
		{A3A14803-35FE-4B83-9DDB-DF4FCB771E21}.Release|x64.ActiveCfg = Release|Any CPU
		{A3A14803-35FE-4B83-9DDB-DF4FCB771E21}.Release|x64.Build.0 = Release|Any CPU
		{A3A14803-35FE-4B83-9DDB-DF4FCB771E21}.Release|x64.Deploy.0 = Release|Any CPU
		{A3A14803-35FE-4B83-9DDB-DF4FCB771E21}.Release|x86.ActiveCfg = Release|Any CPU
		{A3A14803-35FE-4B83-9DDB-DF4FCB771E21}.Release|x86.Build.0 = Release|Any CPU
		{A3A14803-35FE-4B83-9DDB-DF4FCB771E21}.Release|x86.Deploy.0 = Release|Any CPU
		{5C96FFAE-287D-44D7-B330-47608E56F9F0}.Ad-Hoc|Any CPU.ActiveCfg = Release|Any CPU
		{5C96FFAE-287D-44D7-B330-47608E56F9F0}.Ad-Hoc|Any CPU.Build.0 = Release|Any CPU
		{5C96FFAE-287D-44D7-B330-47608E56F9F0}.Ad-Hoc|ARM.ActiveCfg = Release|Any CPU
		{5C96FFAE-287D-44D7-B330-47608E56F9F0}.Ad-Hoc|ARM.Build.0 = Release|Any CPU
		{5C96FFAE-287D-44D7-B330-47608E56F9F0}.Ad-Hoc|iPhone.ActiveCfg = Release|Any CPU
		{5C96FFAE-287D-44D7-B330-47608E56F9F0}.Ad-Hoc|iPhone.Build.0 = Release|Any CPU
		{5C96FFAE-287D-44D7-B330-47608E56F9F0}.Ad-Hoc|iPhoneSimulator.ActiveCfg = Release|Any CPU
		{5C96FFAE-287D-44D7-B330-47608E56F9F0}.Ad-Hoc|iPhoneSimulator.Build.0 = Release|Any CPU
		{5C96FFAE-287D-44D7-B330-47608E56F9F0}.Ad-Hoc|x64.ActiveCfg = Release|Any CPU
		{5C96FFAE-287D-44D7-B330-47608E56F9F0}.Ad-Hoc|x64.Build.0 = Release|Any CPU
		{5C96FFAE-287D-44D7-B330-47608E56F9F0}.Ad-Hoc|x86.ActiveCfg = Release|Any CPU
		{5C96FFAE-287D-44D7-B330-47608E56F9F0}.Ad-Hoc|x86.Build.0 = Release|Any CPU
		{5C96FFAE-287D-44D7-B330-47608E56F9F0}.AppStore|Any CPU.ActiveCfg = Release|Any CPU
		{5C96FFAE-287D-44D7-B330-47608E56F9F0}.AppStore|Any CPU.Build.0 = Release|Any CPU
		{5C96FFAE-287D-44D7-B330-47608E56F9F0}.AppStore|ARM.ActiveCfg = Release|Any CPU
		{5C96FFAE-287D-44D7-B330-47608E56F9F0}.AppStore|ARM.Build.0 = Release|Any CPU
		{5C96FFAE-287D-44D7-B330-47608E56F9F0}.AppStore|iPhone.ActiveCfg = Release|Any CPU
		{5C96FFAE-287D-44D7-B330-47608E56F9F0}.AppStore|iPhone.Build.0 = Release|Any CPU
		{5C96FFAE-287D-44D7-B330-47608E56F9F0}.AppStore|iPhoneSimulator.ActiveCfg = Release|Any CPU
		{5C96FFAE-287D-44D7-B330-47608E56F9F0}.AppStore|iPhoneSimulator.Build.0 = Release|Any CPU
		{5C96FFAE-287D-44D7-B330-47608E56F9F0}.AppStore|x64.ActiveCfg = Release|Any CPU
		{5C96FFAE-287D-44D7-B330-47608E56F9F0}.AppStore|x64.Build.0 = Release|Any CPU
		{5C96FFAE-287D-44D7-B330-47608E56F9F0}.AppStore|x86.ActiveCfg = Release|Any CPU
		{5C96FFAE-287D-44D7-B330-47608E56F9F0}.AppStore|x86.Build.0 = Release|Any CPU
		{5C96FFAE-287D-44D7-B330-47608E56F9F0}.Debug|Any CPU.ActiveCfg = Debug|Any CPU
		{5C96FFAE-287D-44D7-B330-47608E56F9F0}.Debug|Any CPU.Build.0 = Debug|Any CPU
		{5C96FFAE-287D-44D7-B330-47608E56F9F0}.Debug|ARM.ActiveCfg = Debug|Any CPU
		{5C96FFAE-287D-44D7-B330-47608E56F9F0}.Debug|ARM.Build.0 = Debug|Any CPU
		{5C96FFAE-287D-44D7-B330-47608E56F9F0}.Debug|iPhone.ActiveCfg = Debug|Any CPU
		{5C96FFAE-287D-44D7-B330-47608E56F9F0}.Debug|iPhone.Build.0 = Debug|Any CPU
		{5C96FFAE-287D-44D7-B330-47608E56F9F0}.Debug|iPhoneSimulator.ActiveCfg = Debug|Any CPU
		{5C96FFAE-287D-44D7-B330-47608E56F9F0}.Debug|iPhoneSimulator.Build.0 = Debug|Any CPU
		{5C96FFAE-287D-44D7-B330-47608E56F9F0}.Debug|x64.ActiveCfg = Debug|Any CPU
		{5C96FFAE-287D-44D7-B330-47608E56F9F0}.Debug|x64.Build.0 = Debug|Any CPU
		{5C96FFAE-287D-44D7-B330-47608E56F9F0}.Debug|x86.ActiveCfg = Debug|Any CPU
		{5C96FFAE-287D-44D7-B330-47608E56F9F0}.Debug|x86.Build.0 = Debug|Any CPU
		{5C96FFAE-287D-44D7-B330-47608E56F9F0}.Release|Any CPU.ActiveCfg = Release|Any CPU
		{5C96FFAE-287D-44D7-B330-47608E56F9F0}.Release|Any CPU.Build.0 = Release|Any CPU
		{5C96FFAE-287D-44D7-B330-47608E56F9F0}.Release|ARM.ActiveCfg = Release|Any CPU
		{5C96FFAE-287D-44D7-B330-47608E56F9F0}.Release|ARM.Build.0 = Release|Any CPU
		{5C96FFAE-287D-44D7-B330-47608E56F9F0}.Release|iPhone.ActiveCfg = Release|Any CPU
		{5C96FFAE-287D-44D7-B330-47608E56F9F0}.Release|iPhone.Build.0 = Release|Any CPU
		{5C96FFAE-287D-44D7-B330-47608E56F9F0}.Release|iPhoneSimulator.ActiveCfg = Release|Any CPU
		{5C96FFAE-287D-44D7-B330-47608E56F9F0}.Release|iPhoneSimulator.Build.0 = Release|Any CPU
		{5C96FFAE-287D-44D7-B330-47608E56F9F0}.Release|x64.ActiveCfg = Release|Any CPU
		{5C96FFAE-287D-44D7-B330-47608E56F9F0}.Release|x64.Build.0 = Release|Any CPU
		{5C96FFAE-287D-44D7-B330-47608E56F9F0}.Release|x86.ActiveCfg = Release|Any CPU
		{5C96FFAE-287D-44D7-B330-47608E56F9F0}.Release|x86.Build.0 = Release|Any CPU
		{A6C517EF-0FB1-4A63-BA49-ECB0F0E43C0B}.Ad-Hoc|Any CPU.ActiveCfg = Release|x86
		{A6C517EF-0FB1-4A63-BA49-ECB0F0E43C0B}.Ad-Hoc|Any CPU.Build.0 = Release|x86
		{A6C517EF-0FB1-4A63-BA49-ECB0F0E43C0B}.Ad-Hoc|Any CPU.Deploy.0 = Release|x86
		{A6C517EF-0FB1-4A63-BA49-ECB0F0E43C0B}.Ad-Hoc|ARM.ActiveCfg = Release|ARM
		{A6C517EF-0FB1-4A63-BA49-ECB0F0E43C0B}.Ad-Hoc|ARM.Build.0 = Release|ARM
		{A6C517EF-0FB1-4A63-BA49-ECB0F0E43C0B}.Ad-Hoc|ARM.Deploy.0 = Release|ARM
		{A6C517EF-0FB1-4A63-BA49-ECB0F0E43C0B}.Ad-Hoc|iPhone.ActiveCfg = Release|x86
		{A6C517EF-0FB1-4A63-BA49-ECB0F0E43C0B}.Ad-Hoc|iPhone.Build.0 = Release|x86
		{A6C517EF-0FB1-4A63-BA49-ECB0F0E43C0B}.Ad-Hoc|iPhone.Deploy.0 = Release|x86
		{A6C517EF-0FB1-4A63-BA49-ECB0F0E43C0B}.Ad-Hoc|iPhoneSimulator.ActiveCfg = Release|x86
		{A6C517EF-0FB1-4A63-BA49-ECB0F0E43C0B}.Ad-Hoc|iPhoneSimulator.Build.0 = Release|x86
		{A6C517EF-0FB1-4A63-BA49-ECB0F0E43C0B}.Ad-Hoc|iPhoneSimulator.Deploy.0 = Release|x86
		{A6C517EF-0FB1-4A63-BA49-ECB0F0E43C0B}.Ad-Hoc|x64.ActiveCfg = Release|x64
		{A6C517EF-0FB1-4A63-BA49-ECB0F0E43C0B}.Ad-Hoc|x64.Build.0 = Release|x64
		{A6C517EF-0FB1-4A63-BA49-ECB0F0E43C0B}.Ad-Hoc|x64.Deploy.0 = Release|x64
		{A6C517EF-0FB1-4A63-BA49-ECB0F0E43C0B}.Ad-Hoc|x86.ActiveCfg = Release|x86
		{A6C517EF-0FB1-4A63-BA49-ECB0F0E43C0B}.Ad-Hoc|x86.Build.0 = Release|x86
		{A6C517EF-0FB1-4A63-BA49-ECB0F0E43C0B}.Ad-Hoc|x86.Deploy.0 = Release|x86
		{A6C517EF-0FB1-4A63-BA49-ECB0F0E43C0B}.AppStore|Any CPU.ActiveCfg = Release|x86
		{A6C517EF-0FB1-4A63-BA49-ECB0F0E43C0B}.AppStore|Any CPU.Build.0 = Release|x86
		{A6C517EF-0FB1-4A63-BA49-ECB0F0E43C0B}.AppStore|Any CPU.Deploy.0 = Release|x86
		{A6C517EF-0FB1-4A63-BA49-ECB0F0E43C0B}.AppStore|ARM.ActiveCfg = Release|ARM
		{A6C517EF-0FB1-4A63-BA49-ECB0F0E43C0B}.AppStore|ARM.Build.0 = Release|ARM
		{A6C517EF-0FB1-4A63-BA49-ECB0F0E43C0B}.AppStore|ARM.Deploy.0 = Release|ARM
		{A6C517EF-0FB1-4A63-BA49-ECB0F0E43C0B}.AppStore|iPhone.ActiveCfg = Release|x86
		{A6C517EF-0FB1-4A63-BA49-ECB0F0E43C0B}.AppStore|iPhone.Build.0 = Release|x86
		{A6C517EF-0FB1-4A63-BA49-ECB0F0E43C0B}.AppStore|iPhone.Deploy.0 = Release|x86
		{A6C517EF-0FB1-4A63-BA49-ECB0F0E43C0B}.AppStore|iPhoneSimulator.ActiveCfg = Release|x86
		{A6C517EF-0FB1-4A63-BA49-ECB0F0E43C0B}.AppStore|iPhoneSimulator.Build.0 = Release|x86
		{A6C517EF-0FB1-4A63-BA49-ECB0F0E43C0B}.AppStore|iPhoneSimulator.Deploy.0 = Release|x86
		{A6C517EF-0FB1-4A63-BA49-ECB0F0E43C0B}.AppStore|x64.ActiveCfg = Release|x64
		{A6C517EF-0FB1-4A63-BA49-ECB0F0E43C0B}.AppStore|x64.Build.0 = Release|x64
		{A6C517EF-0FB1-4A63-BA49-ECB0F0E43C0B}.AppStore|x64.Deploy.0 = Release|x64
		{A6C517EF-0FB1-4A63-BA49-ECB0F0E43C0B}.AppStore|x86.ActiveCfg = Release|x86
		{A6C517EF-0FB1-4A63-BA49-ECB0F0E43C0B}.AppStore|x86.Build.0 = Release|x86
		{A6C517EF-0FB1-4A63-BA49-ECB0F0E43C0B}.AppStore|x86.Deploy.0 = Release|x86
		{A6C517EF-0FB1-4A63-BA49-ECB0F0E43C0B}.Debug|Any CPU.ActiveCfg = Debug|x86
		{A6C517EF-0FB1-4A63-BA49-ECB0F0E43C0B}.Debug|Any CPU.Build.0 = Debug|x86
		{A6C517EF-0FB1-4A63-BA49-ECB0F0E43C0B}.Debug|Any CPU.Deploy.0 = Debug|x86
		{A6C517EF-0FB1-4A63-BA49-ECB0F0E43C0B}.Debug|ARM.ActiveCfg = Debug|ARM
		{A6C517EF-0FB1-4A63-BA49-ECB0F0E43C0B}.Debug|ARM.Build.0 = Debug|ARM
		{A6C517EF-0FB1-4A63-BA49-ECB0F0E43C0B}.Debug|ARM.Deploy.0 = Debug|ARM
		{A6C517EF-0FB1-4A63-BA49-ECB0F0E43C0B}.Debug|iPhone.ActiveCfg = Debug|x86
		{A6C517EF-0FB1-4A63-BA49-ECB0F0E43C0B}.Debug|iPhoneSimulator.ActiveCfg = Debug|x86
		{A6C517EF-0FB1-4A63-BA49-ECB0F0E43C0B}.Debug|x64.ActiveCfg = Debug|x64
		{A6C517EF-0FB1-4A63-BA49-ECB0F0E43C0B}.Debug|x64.Build.0 = Debug|x64
		{A6C517EF-0FB1-4A63-BA49-ECB0F0E43C0B}.Debug|x64.Deploy.0 = Debug|x64
		{A6C517EF-0FB1-4A63-BA49-ECB0F0E43C0B}.Debug|x86.ActiveCfg = Debug|x86
		{A6C517EF-0FB1-4A63-BA49-ECB0F0E43C0B}.Debug|x86.Build.0 = Debug|x86
		{A6C517EF-0FB1-4A63-BA49-ECB0F0E43C0B}.Debug|x86.Deploy.0 = Debug|x86
		{A6C517EF-0FB1-4A63-BA49-ECB0F0E43C0B}.Release|Any CPU.ActiveCfg = Release|x86
		{A6C517EF-0FB1-4A63-BA49-ECB0F0E43C0B}.Release|ARM.ActiveCfg = Release|ARM
		{A6C517EF-0FB1-4A63-BA49-ECB0F0E43C0B}.Release|ARM.Build.0 = Release|ARM
		{A6C517EF-0FB1-4A63-BA49-ECB0F0E43C0B}.Release|ARM.Deploy.0 = Release|ARM
		{A6C517EF-0FB1-4A63-BA49-ECB0F0E43C0B}.Release|iPhone.ActiveCfg = Release|x86
		{A6C517EF-0FB1-4A63-BA49-ECB0F0E43C0B}.Release|iPhoneSimulator.ActiveCfg = Release|x86
		{A6C517EF-0FB1-4A63-BA49-ECB0F0E43C0B}.Release|x64.ActiveCfg = Release|x64
		{A6C517EF-0FB1-4A63-BA49-ECB0F0E43C0B}.Release|x64.Build.0 = Release|x64
		{A6C517EF-0FB1-4A63-BA49-ECB0F0E43C0B}.Release|x64.Deploy.0 = Release|x64
		{A6C517EF-0FB1-4A63-BA49-ECB0F0E43C0B}.Release|x86.ActiveCfg = Release|x86
		{A6C517EF-0FB1-4A63-BA49-ECB0F0E43C0B}.Release|x86.Build.0 = Release|x86
		{A6C517EF-0FB1-4A63-BA49-ECB0F0E43C0B}.Release|x86.Deploy.0 = Release|x86
		{C3AB3E95-9C8F-413F-BD98-0BA10BF9CBCE}.Ad-Hoc|Any CPU.ActiveCfg = Ad-Hoc|iPhone
		{C3AB3E95-9C8F-413F-BD98-0BA10BF9CBCE}.Ad-Hoc|ARM.ActiveCfg = Ad-Hoc|iPhone
		{C3AB3E95-9C8F-413F-BD98-0BA10BF9CBCE}.Ad-Hoc|iPhone.ActiveCfg = Ad-Hoc|iPhone
		{C3AB3E95-9C8F-413F-BD98-0BA10BF9CBCE}.Ad-Hoc|iPhone.Build.0 = Ad-Hoc|iPhone
		{C3AB3E95-9C8F-413F-BD98-0BA10BF9CBCE}.Ad-Hoc|iPhoneSimulator.ActiveCfg = Ad-Hoc|iPhoneSimulator
		{C3AB3E95-9C8F-413F-BD98-0BA10BF9CBCE}.Ad-Hoc|iPhoneSimulator.Build.0 = Ad-Hoc|iPhoneSimulator
		{C3AB3E95-9C8F-413F-BD98-0BA10BF9CBCE}.Ad-Hoc|x64.ActiveCfg = Ad-Hoc|iPhone
		{C3AB3E95-9C8F-413F-BD98-0BA10BF9CBCE}.Ad-Hoc|x86.ActiveCfg = Ad-Hoc|iPhone
		{C3AB3E95-9C8F-413F-BD98-0BA10BF9CBCE}.AppStore|Any CPU.ActiveCfg = AppStore|iPhone
		{C3AB3E95-9C8F-413F-BD98-0BA10BF9CBCE}.AppStore|ARM.ActiveCfg = AppStore|iPhone
		{C3AB3E95-9C8F-413F-BD98-0BA10BF9CBCE}.AppStore|iPhone.ActiveCfg = AppStore|iPhone
		{C3AB3E95-9C8F-413F-BD98-0BA10BF9CBCE}.AppStore|iPhone.Build.0 = AppStore|iPhone
		{C3AB3E95-9C8F-413F-BD98-0BA10BF9CBCE}.AppStore|iPhoneSimulator.ActiveCfg = AppStore|iPhoneSimulator
		{C3AB3E95-9C8F-413F-BD98-0BA10BF9CBCE}.AppStore|iPhoneSimulator.Build.0 = AppStore|iPhoneSimulator
		{C3AB3E95-9C8F-413F-BD98-0BA10BF9CBCE}.AppStore|x64.ActiveCfg = AppStore|iPhone
		{C3AB3E95-9C8F-413F-BD98-0BA10BF9CBCE}.AppStore|x86.ActiveCfg = AppStore|iPhone
		{C3AB3E95-9C8F-413F-BD98-0BA10BF9CBCE}.Debug|Any CPU.ActiveCfg = Debug|iPhone
		{C3AB3E95-9C8F-413F-BD98-0BA10BF9CBCE}.Debug|ARM.ActiveCfg = Debug|iPhone
		{C3AB3E95-9C8F-413F-BD98-0BA10BF9CBCE}.Debug|iPhone.ActiveCfg = Debug|iPhone
		{C3AB3E95-9C8F-413F-BD98-0BA10BF9CBCE}.Debug|iPhone.Build.0 = Debug|iPhone
		{C3AB3E95-9C8F-413F-BD98-0BA10BF9CBCE}.Debug|iPhoneSimulator.ActiveCfg = Debug|iPhoneSimulator
		{C3AB3E95-9C8F-413F-BD98-0BA10BF9CBCE}.Debug|iPhoneSimulator.Build.0 = Debug|iPhoneSimulator
		{C3AB3E95-9C8F-413F-BD98-0BA10BF9CBCE}.Debug|x64.ActiveCfg = Debug|iPhone
		{C3AB3E95-9C8F-413F-BD98-0BA10BF9CBCE}.Debug|x86.ActiveCfg = Debug|iPhone
		{C3AB3E95-9C8F-413F-BD98-0BA10BF9CBCE}.Release|Any CPU.ActiveCfg = Release|iPhone
		{C3AB3E95-9C8F-413F-BD98-0BA10BF9CBCE}.Release|ARM.ActiveCfg = Release|iPhone
		{C3AB3E95-9C8F-413F-BD98-0BA10BF9CBCE}.Release|iPhone.ActiveCfg = Release|iPhone
		{C3AB3E95-9C8F-413F-BD98-0BA10BF9CBCE}.Release|iPhone.Build.0 = Release|iPhone
		{C3AB3E95-9C8F-413F-BD98-0BA10BF9CBCE}.Release|iPhoneSimulator.ActiveCfg = Release|iPhoneSimulator
		{C3AB3E95-9C8F-413F-BD98-0BA10BF9CBCE}.Release|iPhoneSimulator.Build.0 = Release|iPhoneSimulator
		{C3AB3E95-9C8F-413F-BD98-0BA10BF9CBCE}.Release|x64.ActiveCfg = Release|iPhone
		{C3AB3E95-9C8F-413F-BD98-0BA10BF9CBCE}.Release|x86.ActiveCfg = Release|iPhone
	EndGlobalSection
	GlobalSection(SolutionProperties) = preSolution
		HideSolutionNode = FALSE
	EndGlobalSection
EndGlobal
