
Microsoft Visual Studio Solution File, Format Version 12.00
# Visual Studio 2013
VisualStudioVersion = 12.0.31101.0
MinimumVisualStudioVersion = 10.0.40219.1
Project("{FAE04EC0-301F-11D3-BF4B-00C04F79EFBC}") = "CustomizableListView", "CustomizableListView\CustomizableListView\CustomizableListView.csproj", "{8CBB691F-7078-4420-94D6-D739F95E01AA}"
EndProject
Project("{FAE04EC0-301F-11D3-BF4B-00C04F79EFBC}") = "CustomizableListView.Droid", "CustomizableListView\CustomizableListView.Droid\CustomizableListView.Droid.csproj", "{64FBE688-C9EB-47B3-830C-2AA8C35D559E}"
EndProject
Project("{FAE04EC0-301F-11D3-BF4B-00C04F79EFBC}") = "CustomizableListView.iOS", "CustomizableListView\CustomizableListView.iOS\CustomizableListView.iOS.csproj", "{249ADB30-FF35-40E8-B004-38A154FF7DF6}"
EndProject
Project("{2150E333-8FDC-42A3-9474-1A3956D46DE8}") = ".nuget", ".nuget", "{C8469219-30E0-459F-9F71-A27EE9871C14}"
	ProjectSection(SolutionItems) = preProject
		.nuget\NuGet.Config = .nuget\NuGet.Config
		.nuget\NuGet.exe = .nuget\NuGet.exe
		.nuget\NuGet.targets = .nuget\NuGet.targets
	EndProjectSection
EndProject
Global
	GlobalSection(SolutionConfigurationPlatforms) = preSolution
		Ad-Hoc|Any CPU = Ad-Hoc|Any CPU
		Ad-Hoc|ARM = Ad-Hoc|ARM
		Ad-Hoc|iPhone = Ad-Hoc|iPhone
		Ad-Hoc|iPhoneSimulator = Ad-Hoc|iPhoneSimulator
		Ad-Hoc|Mixed Platforms = Ad-Hoc|Mixed Platforms
		Ad-Hoc|x86 = Ad-Hoc|x86
		AppStore|Any CPU = AppStore|Any CPU
		AppStore|ARM = AppStore|ARM
		AppStore|iPhone = AppStore|iPhone
		AppStore|iPhoneSimulator = AppStore|iPhoneSimulator
		AppStore|Mixed Platforms = AppStore|Mixed Platforms
		AppStore|x86 = AppStore|x86
		Debug|Any CPU = Debug|Any CPU
		Debug|ARM = Debug|ARM
		Debug|iPhone = Debug|iPhone
		Debug|iPhoneSimulator = Debug|iPhoneSimulator
		Debug|Mixed Platforms = Debug|Mixed Platforms
		Debug|x86 = Debug|x86
		Release|Any CPU = Release|Any CPU
		Release|ARM = Release|ARM
		Release|iPhone = Release|iPhone
		Release|iPhoneSimulator = Release|iPhoneSimulator
		Release|Mixed Platforms = Release|Mixed Platforms
		Release|x86 = Release|x86
	EndGlobalSection
	GlobalSection(ProjectConfigurationPlatforms) = postSolution
		{8CBB691F-7078-4420-94D6-D739F95E01AA}.Ad-Hoc|Any CPU.ActiveCfg = Release|Any CPU
		{8CBB691F-7078-4420-94D6-D739F95E01AA}.Ad-Hoc|Any CPU.Build.0 = Release|Any CPU
		{8CBB691F-7078-4420-94D6-D739F95E01AA}.Ad-Hoc|ARM.ActiveCfg = Release|Any CPU
		{8CBB691F-7078-4420-94D6-D739F95E01AA}.Ad-Hoc|iPhone.ActiveCfg = Release|Any CPU
		{8CBB691F-7078-4420-94D6-D739F95E01AA}.Ad-Hoc|iPhoneSimulator.ActiveCfg = Release|Any CPU
		{8CBB691F-7078-4420-94D6-D739F95E01AA}.Ad-Hoc|Mixed Platforms.ActiveCfg = Release|Any CPU
		{8CBB691F-7078-4420-94D6-D739F95E01AA}.Ad-Hoc|Mixed Platforms.Build.0 = Release|Any CPU
		{8CBB691F-7078-4420-94D6-D739F95E01AA}.Ad-Hoc|x86.ActiveCfg = Release|Any CPU
		{8CBB691F-7078-4420-94D6-D739F95E01AA}.AppStore|Any CPU.ActiveCfg = Release|Any CPU
		{8CBB691F-7078-4420-94D6-D739F95E01AA}.AppStore|Any CPU.Build.0 = Release|Any CPU
		{8CBB691F-7078-4420-94D6-D739F95E01AA}.AppStore|ARM.ActiveCfg = Release|Any CPU
		{8CBB691F-7078-4420-94D6-D739F95E01AA}.AppStore|iPhone.ActiveCfg = Release|Any CPU
		{8CBB691F-7078-4420-94D6-D739F95E01AA}.AppStore|iPhoneSimulator.ActiveCfg = Release|Any CPU
		{8CBB691F-7078-4420-94D6-D739F95E01AA}.AppStore|Mixed Platforms.ActiveCfg = Release|Any CPU
		{8CBB691F-7078-4420-94D6-D739F95E01AA}.AppStore|Mixed Platforms.Build.0 = Release|Any CPU
		{8CBB691F-7078-4420-94D6-D739F95E01AA}.AppStore|x86.ActiveCfg = Release|Any CPU
		{8CBB691F-7078-4420-94D6-D739F95E01AA}.Debug|Any CPU.ActiveCfg = Debug|Any CPU
		{8CBB691F-7078-4420-94D6-D739F95E01AA}.Debug|Any CPU.Build.0 = Debug|Any CPU
		{8CBB691F-7078-4420-94D6-D739F95E01AA}.Debug|ARM.ActiveCfg = Debug|Any CPU
		{8CBB691F-7078-4420-94D6-D739F95E01AA}.Debug|iPhone.ActiveCfg = Debug|Any CPU
		{8CBB691F-7078-4420-94D6-D739F95E01AA}.Debug|iPhone.Build.0 = Debug|Any CPU
		{8CBB691F-7078-4420-94D6-D739F95E01AA}.Debug|iPhoneSimulator.ActiveCfg = Debug|Any CPU
		{8CBB691F-7078-4420-94D6-D739F95E01AA}.Debug|Mixed Platforms.ActiveCfg = Debug|Any CPU
		{8CBB691F-7078-4420-94D6-D739F95E01AA}.Debug|Mixed Platforms.Build.0 = Debug|Any CPU
		{8CBB691F-7078-4420-94D6-D739F95E01AA}.Debug|x86.ActiveCfg = Debug|Any CPU
		{8CBB691F-7078-4420-94D6-D739F95E01AA}.Release|Any CPU.ActiveCfg = Release|Any CPU
		{8CBB691F-7078-4420-94D6-D739F95E01AA}.Release|Any CPU.Build.0 = Release|Any CPU
		{8CBB691F-7078-4420-94D6-D739F95E01AA}.Release|ARM.ActiveCfg = Release|Any CPU
		{8CBB691F-7078-4420-94D6-D739F95E01AA}.Release|iPhone.ActiveCfg = Release|Any CPU
		{8CBB691F-7078-4420-94D6-D739F95E01AA}.Release|iPhoneSimulator.ActiveCfg = Release|Any CPU
		{8CBB691F-7078-4420-94D6-D739F95E01AA}.Release|Mixed Platforms.ActiveCfg = Release|Any CPU
		{8CBB691F-7078-4420-94D6-D739F95E01AA}.Release|Mixed Platforms.Build.0 = Release|Any CPU
		{8CBB691F-7078-4420-94D6-D739F95E01AA}.Release|x86.ActiveCfg = Release|Any CPU
		{64FBE688-C9EB-47B3-830C-2AA8C35D559E}.Ad-Hoc|Any CPU.ActiveCfg = Release|Any CPU
		{64FBE688-C9EB-47B3-830C-2AA8C35D559E}.Ad-Hoc|Any CPU.Build.0 = Release|Any CPU
		{64FBE688-C9EB-47B3-830C-2AA8C35D559E}.Ad-Hoc|Any CPU.Deploy.0 = Release|Any CPU
		{64FBE688-C9EB-47B3-830C-2AA8C35D559E}.Ad-Hoc|ARM.ActiveCfg = Release|Any CPU
		{64FBE688-C9EB-47B3-830C-2AA8C35D559E}.Ad-Hoc|iPhone.ActiveCfg = Release|Any CPU
		{64FBE688-C9EB-47B3-830C-2AA8C35D559E}.Ad-Hoc|iPhoneSimulator.ActiveCfg = Release|Any CPU
		{64FBE688-C9EB-47B3-830C-2AA8C35D559E}.Ad-Hoc|Mixed Platforms.ActiveCfg = Release|Any CPU
		{64FBE688-C9EB-47B3-830C-2AA8C35D559E}.Ad-Hoc|Mixed Platforms.Build.0 = Release|Any CPU
		{64FBE688-C9EB-47B3-830C-2AA8C35D559E}.Ad-Hoc|Mixed Platforms.Deploy.0 = Release|Any CPU
		{64FBE688-C9EB-47B3-830C-2AA8C35D559E}.Ad-Hoc|x86.ActiveCfg = Release|Any CPU
		{64FBE688-C9EB-47B3-830C-2AA8C35D559E}.AppStore|Any CPU.ActiveCfg = Release|Any CPU
		{64FBE688-C9EB-47B3-830C-2AA8C35D559E}.AppStore|Any CPU.Build.0 = Release|Any CPU
		{64FBE688-C9EB-47B3-830C-2AA8C35D559E}.AppStore|Any CPU.Deploy.0 = Release|Any CPU
		{64FBE688-C9EB-47B3-830C-2AA8C35D559E}.AppStore|ARM.ActiveCfg = Release|Any CPU
		{64FBE688-C9EB-47B3-830C-2AA8C35D559E}.AppStore|iPhone.ActiveCfg = Release|Any CPU
		{64FBE688-C9EB-47B3-830C-2AA8C35D559E}.AppStore|iPhoneSimulator.ActiveCfg = Release|Any CPU
		{64FBE688-C9EB-47B3-830C-2AA8C35D559E}.AppStore|Mixed Platforms.ActiveCfg = Release|Any CPU
		{64FBE688-C9EB-47B3-830C-2AA8C35D559E}.AppStore|Mixed Platforms.Build.0 = Release|Any CPU
		{64FBE688-C9EB-47B3-830C-2AA8C35D559E}.AppStore|Mixed Platforms.Deploy.0 = Release|Any CPU
		{64FBE688-C9EB-47B3-830C-2AA8C35D559E}.AppStore|x86.ActiveCfg = Release|Any CPU
		{64FBE688-C9EB-47B3-830C-2AA8C35D559E}.Debug|Any CPU.ActiveCfg = Debug|Any CPU
		{64FBE688-C9EB-47B3-830C-2AA8C35D559E}.Debug|Any CPU.Build.0 = Debug|Any CPU
		{64FBE688-C9EB-47B3-830C-2AA8C35D559E}.Debug|Any CPU.Deploy.0 = Debug|Any CPU
		{64FBE688-C9EB-47B3-830C-2AA8C35D559E}.Debug|ARM.ActiveCfg = Debug|Any CPU
		{64FBE688-C9EB-47B3-830C-2AA8C35D559E}.Debug|iPhone.ActiveCfg = Debug|Any CPU
		{64FBE688-C9EB-47B3-830C-2AA8C35D559E}.Debug|iPhoneSimulator.ActiveCfg = Debug|Any CPU
		{64FBE688-C9EB-47B3-830C-2AA8C35D559E}.Debug|Mixed Platforms.ActiveCfg = Debug|Any CPU
		{64FBE688-C9EB-47B3-830C-2AA8C35D559E}.Debug|Mixed Platforms.Build.0 = Debug|Any CPU
		{64FBE688-C9EB-47B3-830C-2AA8C35D559E}.Debug|Mixed Platforms.Deploy.0 = Debug|Any CPU
		{64FBE688-C9EB-47B3-830C-2AA8C35D559E}.Debug|x86.ActiveCfg = Debug|Any CPU
		{64FBE688-C9EB-47B3-830C-2AA8C35D559E}.Release|Any CPU.ActiveCfg = Release|Any CPU
		{64FBE688-C9EB-47B3-830C-2AA8C35D559E}.Release|Any CPU.Build.0 = Release|Any CPU
		{64FBE688-C9EB-47B3-830C-2AA8C35D559E}.Release|Any CPU.Deploy.0 = Release|Any CPU
		{64FBE688-C9EB-47B3-830C-2AA8C35D559E}.Release|ARM.ActiveCfg = Release|Any CPU
		{64FBE688-C9EB-47B3-830C-2AA8C35D559E}.Release|iPhone.ActiveCfg = Release|Any CPU
		{64FBE688-C9EB-47B3-830C-2AA8C35D559E}.Release|iPhoneSimulator.ActiveCfg = Release|Any CPU
		{64FBE688-C9EB-47B3-830C-2AA8C35D559E}.Release|Mixed Platforms.ActiveCfg = Release|Any CPU
		{64FBE688-C9EB-47B3-830C-2AA8C35D559E}.Release|Mixed Platforms.Build.0 = Release|Any CPU
		{64FBE688-C9EB-47B3-830C-2AA8C35D559E}.Release|Mixed Platforms.Deploy.0 = Release|Any CPU
		{64FBE688-C9EB-47B3-830C-2AA8C35D559E}.Release|x86.ActiveCfg = Release|Any CPU
		{249ADB30-FF35-40E8-B004-38A154FF7DF6}.Ad-Hoc|Any CPU.ActiveCfg = Ad-Hoc|iPhone
		{249ADB30-FF35-40E8-B004-38A154FF7DF6}.Ad-Hoc|ARM.ActiveCfg = Ad-Hoc|iPhone
		{249ADB30-FF35-40E8-B004-38A154FF7DF6}.Ad-Hoc|iPhone.ActiveCfg = Ad-Hoc|iPhone
		{249ADB30-FF35-40E8-B004-38A154FF7DF6}.Ad-Hoc|iPhone.Build.0 = Ad-Hoc|iPhone
		{249ADB30-FF35-40E8-B004-38A154FF7DF6}.Ad-Hoc|iPhoneSimulator.ActiveCfg = Ad-Hoc|iPhoneSimulator
		{249ADB30-FF35-40E8-B004-38A154FF7DF6}.Ad-Hoc|iPhoneSimulator.Build.0 = Ad-Hoc|iPhoneSimulator
		{249ADB30-FF35-40E8-B004-38A154FF7DF6}.Ad-Hoc|Mixed Platforms.ActiveCfg = Ad-Hoc|iPhone
		{249ADB30-FF35-40E8-B004-38A154FF7DF6}.Ad-Hoc|Mixed Platforms.Build.0 = Ad-Hoc|iPhone
		{249ADB30-FF35-40E8-B004-38A154FF7DF6}.Ad-Hoc|x86.ActiveCfg = Ad-Hoc|iPhone
		{249ADB30-FF35-40E8-B004-38A154FF7DF6}.AppStore|Any CPU.ActiveCfg = AppStore|iPhone
		{249ADB30-FF35-40E8-B004-38A154FF7DF6}.AppStore|ARM.ActiveCfg = AppStore|iPhone
		{249ADB30-FF35-40E8-B004-38A154FF7DF6}.AppStore|iPhone.ActiveCfg = AppStore|iPhone
		{249ADB30-FF35-40E8-B004-38A154FF7DF6}.AppStore|iPhone.Build.0 = AppStore|iPhone
		{249ADB30-FF35-40E8-B004-38A154FF7DF6}.AppStore|iPhoneSimulator.ActiveCfg = AppStore|iPhoneSimulator
		{249ADB30-FF35-40E8-B004-38A154FF7DF6}.AppStore|iPhoneSimulator.Build.0 = AppStore|iPhoneSimulator
		{249ADB30-FF35-40E8-B004-38A154FF7DF6}.AppStore|Mixed Platforms.ActiveCfg = AppStore|iPhone
		{249ADB30-FF35-40E8-B004-38A154FF7DF6}.AppStore|Mixed Platforms.Build.0 = AppStore|iPhone
		{249ADB30-FF35-40E8-B004-38A154FF7DF6}.AppStore|x86.ActiveCfg = AppStore|iPhone
		{249ADB30-FF35-40E8-B004-38A154FF7DF6}.Debug|Any CPU.ActiveCfg = Debug|iPhone
		{249ADB30-FF35-40E8-B004-38A154FF7DF6}.Debug|Any CPU.Build.0 = Debug|iPhone
		{249ADB30-FF35-40E8-B004-38A154FF7DF6}.Debug|ARM.ActiveCfg = Debug|iPhone
		{249ADB30-FF35-40E8-B004-38A154FF7DF6}.Debug|iPhone.ActiveCfg = Debug|iPhoneSimulator
		{249ADB30-FF35-40E8-B004-38A154FF7DF6}.Debug|iPhone.Build.0 = Debug|iPhoneSimulator
		{249ADB30-FF35-40E8-B004-38A154FF7DF6}.Debug|iPhoneSimulator.ActiveCfg = Debug|iPhoneSimulator
		{249ADB30-FF35-40E8-B004-38A154FF7DF6}.Debug|iPhoneSimulator.Build.0 = Debug|iPhoneSimulator
		{249ADB30-FF35-40E8-B004-38A154FF7DF6}.Debug|Mixed Platforms.ActiveCfg = Debug|iPhone
		{249ADB30-FF35-40E8-B004-38A154FF7DF6}.Debug|Mixed Platforms.Build.0 = Debug|iPhone
		{249ADB30-FF35-40E8-B004-38A154FF7DF6}.Debug|x86.ActiveCfg = Debug|iPhone
		{249ADB30-FF35-40E8-B004-38A154FF7DF6}.Release|Any CPU.ActiveCfg = Release|iPhone
		{249ADB30-FF35-40E8-B004-38A154FF7DF6}.Release|ARM.ActiveCfg = Release|iPhone
		{249ADB30-FF35-40E8-B004-38A154FF7DF6}.Release|iPhone.ActiveCfg = Release|iPhone
		{249ADB30-FF35-40E8-B004-38A154FF7DF6}.Release|iPhone.Build.0 = Release|iPhone
		{249ADB30-FF35-40E8-B004-38A154FF7DF6}.Release|iPhoneSimulator.ActiveCfg = Release|iPhoneSimulator
		{249ADB30-FF35-40E8-B004-38A154FF7DF6}.Release|iPhoneSimulator.Build.0 = Release|iPhoneSimulator
		{249ADB30-FF35-40E8-B004-38A154FF7DF6}.Release|Mixed Platforms.ActiveCfg = Release|iPhone
		{249ADB30-FF35-40E8-B004-38A154FF7DF6}.Release|Mixed Platforms.Build.0 = Release|iPhone
		{249ADB30-FF35-40E8-B004-38A154FF7DF6}.Release|x86.ActiveCfg = Release|iPhone
	EndGlobalSection
	GlobalSection(SolutionProperties) = preSolution
		HideSolutionNode = FALSE
	EndGlobalSection
EndGlobal
