
Microsoft Visual Studio Solution File, Format Version 12.00
# Visual Studio 2012
Project("{FAE04EC0-301F-11D3-BF4B-00C04F79EFBC}") = "GStartedTelerikXamarin", "GStartedTelerikXamarin\GStartedTelerikXamarin\GStartedTelerikXamarin.csproj", "{B5E3D6BD-4DD4-4422-A789-B87253389010}"
EndProject
Project("{FAE04EC0-301F-11D3-BF4B-00C04F79EFBC}") = "GStartedTelerikXamarin.iOS", "GStartedTelerikXamarin\GStartedTelerikXamarin.iOS\GStartedTelerikXamarin.iOS.csproj", "{6166DDD9-48D2-43CE-95A8-B31CF07196BC}"
EndProject
Project("{FAE04EC0-301F-11D3-BF4B-00C04F79EFBC}") = "GStartedTelerikXamarin.Android", "GStartedTelerikXamarin\GStartedTelerikXamarin.Android\GStartedTelerikXamarin.Android.csproj", "{1D6492B8-3A57-4F3C-9DEE-8A4D3505A764}"
EndProject
Project("{FAE04EC0-301F-11D3-BF4B-00C04F79EFBC}") = "GStartedTelerikXamarin.WinPhone", "GStartedTelerikXamarin\GStartedTelerikXamarin.WinPhone\GStartedTelerikXamarin.WinPhone.csproj", "{2FB73B20-E217-49F8-94DD-FBB6D44763D3}"
EndProject
Global
	GlobalSection(SolutionConfigurationPlatforms) = preSolution
		Ad-Hoc|Any CPU = Ad-Hoc|Any CPU
		Ad-Hoc|ARM = Ad-Hoc|ARM
		Ad-Hoc|iPhone = Ad-Hoc|iPhone
		Ad-Hoc|iPhoneSimulator = Ad-Hoc|iPhoneSimulator
		Ad-Hoc|Mixed Platforms = Ad-Hoc|Mixed Platforms
		Ad-Hoc|x86 = Ad-Hoc|x86
		AppStore|Any CPU = AppStore|Any CPU
		AppStore|ARM = AppStore|ARM
		AppStore|iPhone = AppStore|iPhone
		AppStore|iPhoneSimulator = AppStore|iPhoneSimulator
		AppStore|Mixed Platforms = AppStore|Mixed Platforms
		AppStore|x86 = AppStore|x86
		Debug|Any CPU = Debug|Any CPU
		Debug|ARM = Debug|ARM
		Debug|iPhone = Debug|iPhone
		Debug|iPhoneSimulator = Debug|iPhoneSimulator
		Debug|Mixed Platforms = Debug|Mixed Platforms
		Debug|x86 = Debug|x86
		Release|Any CPU = Release|Any CPU
		Release|ARM = Release|ARM
		Release|iPhone = Release|iPhone
		Release|iPhoneSimulator = Release|iPhoneSimulator
		Release|Mixed Platforms = Release|Mixed Platforms
		Release|x86 = Release|x86
	EndGlobalSection
	GlobalSection(ProjectConfigurationPlatforms) = postSolution
		{B5E3D6BD-4DD4-4422-A789-B87253389010}.Ad-Hoc|Any CPU.ActiveCfg = Release|Any CPU
		{B5E3D6BD-4DD4-4422-A789-B87253389010}.Ad-Hoc|Any CPU.Build.0 = Release|Any CPU
		{B5E3D6BD-4DD4-4422-A789-B87253389010}.Ad-Hoc|ARM.ActiveCfg = Release|Any CPU
		{B5E3D6BD-4DD4-4422-A789-B87253389010}.Ad-Hoc|iPhone.ActiveCfg = Release|Any CPU
		{B5E3D6BD-4DD4-4422-A789-B87253389010}.Ad-Hoc|iPhoneSimulator.ActiveCfg = Release|Any CPU
		{B5E3D6BD-4DD4-4422-A789-B87253389010}.Ad-Hoc|Mixed Platforms.ActiveCfg = Release|Any CPU
		{B5E3D6BD-4DD4-4422-A789-B87253389010}.Ad-Hoc|Mixed Platforms.Build.0 = Release|Any CPU
		{B5E3D6BD-4DD4-4422-A789-B87253389010}.Ad-Hoc|x86.ActiveCfg = Release|Any CPU
		{B5E3D6BD-4DD4-4422-A789-B87253389010}.AppStore|Any CPU.ActiveCfg = Release|Any CPU
		{B5E3D6BD-4DD4-4422-A789-B87253389010}.AppStore|Any CPU.Build.0 = Release|Any CPU
		{B5E3D6BD-4DD4-4422-A789-B87253389010}.AppStore|ARM.ActiveCfg = Release|Any CPU
		{B5E3D6BD-4DD4-4422-A789-B87253389010}.AppStore|iPhone.ActiveCfg = Release|Any CPU
		{B5E3D6BD-4DD4-4422-A789-B87253389010}.AppStore|iPhoneSimulator.ActiveCfg = Release|Any CPU
		{B5E3D6BD-4DD4-4422-A789-B87253389010}.AppStore|Mixed Platforms.ActiveCfg = Release|Any CPU
		{B5E3D6BD-4DD4-4422-A789-B87253389010}.AppStore|Mixed Platforms.Build.0 = Release|Any CPU
		{B5E3D6BD-4DD4-4422-A789-B87253389010}.AppStore|x86.ActiveCfg = Release|Any CPU
		{B5E3D6BD-4DD4-4422-A789-B87253389010}.Debug|Any CPU.ActiveCfg = Debug|Any CPU
		{B5E3D6BD-4DD4-4422-A789-B87253389010}.Debug|Any CPU.Build.0 = Debug|Any CPU
		{B5E3D6BD-4DD4-4422-A789-B87253389010}.Debug|ARM.ActiveCfg = Debug|Any CPU
		{B5E3D6BD-4DD4-4422-A789-B87253389010}.Debug|iPhone.ActiveCfg = Debug|Any CPU
		{B5E3D6BD-4DD4-4422-A789-B87253389010}.Debug|iPhoneSimulator.ActiveCfg = Debug|Any CPU
		{B5E3D6BD-4DD4-4422-A789-B87253389010}.Debug|Mixed Platforms.ActiveCfg = Debug|Any CPU
		{B5E3D6BD-4DD4-4422-A789-B87253389010}.Debug|Mixed Platforms.Build.0 = Debug|Any CPU
		{B5E3D6BD-4DD4-4422-A789-B87253389010}.Debug|x86.ActiveCfg = Debug|Any CPU
		{B5E3D6BD-4DD4-4422-A789-B87253389010}.Release|Any CPU.ActiveCfg = Release|Any CPU
		{B5E3D6BD-4DD4-4422-A789-B87253389010}.Release|Any CPU.Build.0 = Release|Any CPU
		{B5E3D6BD-4DD4-4422-A789-B87253389010}.Release|ARM.ActiveCfg = Release|Any CPU
		{B5E3D6BD-4DD4-4422-A789-B87253389010}.Release|iPhone.ActiveCfg = Release|Any CPU
		{B5E3D6BD-4DD4-4422-A789-B87253389010}.Release|iPhoneSimulator.ActiveCfg = Release|Any CPU
		{B5E3D6BD-4DD4-4422-A789-B87253389010}.Release|Mixed Platforms.ActiveCfg = Release|Any CPU
		{B5E3D6BD-4DD4-4422-A789-B87253389010}.Release|Mixed Platforms.Build.0 = Release|Any CPU
		{B5E3D6BD-4DD4-4422-A789-B87253389010}.Release|x86.ActiveCfg = Release|Any CPU
		{6166DDD9-48D2-43CE-95A8-B31CF07196BC}.Ad-Hoc|Any CPU.ActiveCfg = Ad-Hoc|iPhone
		{6166DDD9-48D2-43CE-95A8-B31CF07196BC}.Ad-Hoc|ARM.ActiveCfg = Ad-Hoc|iPhone
		{6166DDD9-48D2-43CE-95A8-B31CF07196BC}.Ad-Hoc|iPhone.ActiveCfg = Ad-Hoc|iPhone
		{6166DDD9-48D2-43CE-95A8-B31CF07196BC}.Ad-Hoc|iPhone.Build.0 = Ad-Hoc|iPhone
		{6166DDD9-48D2-43CE-95A8-B31CF07196BC}.Ad-Hoc|iPhoneSimulator.ActiveCfg = Ad-Hoc|iPhoneSimulator
		{6166DDD9-48D2-43CE-95A8-B31CF07196BC}.Ad-Hoc|iPhoneSimulator.Build.0 = Ad-Hoc|iPhoneSimulator
		{6166DDD9-48D2-43CE-95A8-B31CF07196BC}.Ad-Hoc|Mixed Platforms.ActiveCfg = Ad-Hoc|iPhone
		{6166DDD9-48D2-43CE-95A8-B31CF07196BC}.Ad-Hoc|Mixed Platforms.Build.0 = Ad-Hoc|iPhone
		{6166DDD9-48D2-43CE-95A8-B31CF07196BC}.Ad-Hoc|x86.ActiveCfg = Ad-Hoc|iPhone
		{6166DDD9-48D2-43CE-95A8-B31CF07196BC}.AppStore|Any CPU.ActiveCfg = AppStore|iPhone
		{6166DDD9-48D2-43CE-95A8-B31CF07196BC}.AppStore|ARM.ActiveCfg = AppStore|iPhone
		{6166DDD9-48D2-43CE-95A8-B31CF07196BC}.AppStore|iPhone.ActiveCfg = AppStore|iPhone
		{6166DDD9-48D2-43CE-95A8-B31CF07196BC}.AppStore|iPhone.Build.0 = AppStore|iPhone
		{6166DDD9-48D2-43CE-95A8-B31CF07196BC}.AppStore|iPhoneSimulator.ActiveCfg = AppStore|iPhoneSimulator
		{6166DDD9-48D2-43CE-95A8-B31CF07196BC}.AppStore|iPhoneSimulator.Build.0 = AppStore|iPhoneSimulator
		{6166DDD9-48D2-43CE-95A8-B31CF07196BC}.AppStore|Mixed Platforms.ActiveCfg = AppStore|iPhone
		{6166DDD9-48D2-43CE-95A8-B31CF07196BC}.AppStore|Mixed Platforms.Build.0 = AppStore|iPhone
		{6166DDD9-48D2-43CE-95A8-B31CF07196BC}.AppStore|x86.ActiveCfg = AppStore|iPhone
		{6166DDD9-48D2-43CE-95A8-B31CF07196BC}.Debug|Any CPU.ActiveCfg = Debug|iPhone
		{6166DDD9-48D2-43CE-95A8-B31CF07196BC}.Debug|ARM.ActiveCfg = Debug|iPhone
		{6166DDD9-48D2-43CE-95A8-B31CF07196BC}.Debug|iPhone.ActiveCfg = Debug|iPhone
		{6166DDD9-48D2-43CE-95A8-B31CF07196BC}.Debug|iPhone.Build.0 = Debug|iPhone
		{6166DDD9-48D2-43CE-95A8-B31CF07196BC}.Debug|iPhoneSimulator.ActiveCfg = Debug|iPhoneSimulator
		{6166DDD9-48D2-43CE-95A8-B31CF07196BC}.Debug|iPhoneSimulator.Build.0 = Debug|iPhoneSimulator
		{6166DDD9-48D2-43CE-95A8-B31CF07196BC}.Debug|Mixed Platforms.ActiveCfg = Debug|iPhoneSimulator
		{6166DDD9-48D2-43CE-95A8-B31CF07196BC}.Debug|Mixed Platforms.Build.0 = Debug|iPhoneSimulator
		{6166DDD9-48D2-43CE-95A8-B31CF07196BC}.Debug|x86.ActiveCfg = Debug|iPhone
		{6166DDD9-48D2-43CE-95A8-B31CF07196BC}.Release|Any CPU.ActiveCfg = Release|iPhone
		{6166DDD9-48D2-43CE-95A8-B31CF07196BC}.Release|ARM.ActiveCfg = Release|iPhone
		{6166DDD9-48D2-43CE-95A8-B31CF07196BC}.Release|iPhone.ActiveCfg = Release|iPhone
		{6166DDD9-48D2-43CE-95A8-B31CF07196BC}.Release|iPhone.Build.0 = Release|iPhone
		{6166DDD9-48D2-43CE-95A8-B31CF07196BC}.Release|iPhoneSimulator.ActiveCfg = Release|iPhoneSimulator
		{6166DDD9-48D2-43CE-95A8-B31CF07196BC}.Release|iPhoneSimulator.Build.0 = Release|iPhoneSimulator
		{6166DDD9-48D2-43CE-95A8-B31CF07196BC}.Release|Mixed Platforms.ActiveCfg = Release|iPhone
		{6166DDD9-48D2-43CE-95A8-B31CF07196BC}.Release|Mixed Platforms.Build.0 = Release|iPhone
		{6166DDD9-48D2-43CE-95A8-B31CF07196BC}.Release|x86.ActiveCfg = Release|iPhone
		{1D6492B8-3A57-4F3C-9DEE-8A4D3505A764}.Ad-Hoc|Any CPU.ActiveCfg = Release|Any CPU
		{1D6492B8-3A57-4F3C-9DEE-8A4D3505A764}.Ad-Hoc|Any CPU.Build.0 = Release|Any CPU
		{1D6492B8-3A57-4F3C-9DEE-8A4D3505A764}.Ad-Hoc|Any CPU.Deploy.0 = Release|Any CPU
		{1D6492B8-3A57-4F3C-9DEE-8A4D3505A764}.Ad-Hoc|ARM.ActiveCfg = Release|Any CPU
		{1D6492B8-3A57-4F3C-9DEE-8A4D3505A764}.Ad-Hoc|iPhone.ActiveCfg = Release|Any CPU
		{1D6492B8-3A57-4F3C-9DEE-8A4D3505A764}.Ad-Hoc|iPhoneSimulator.ActiveCfg = Release|Any CPU
		{1D6492B8-3A57-4F3C-9DEE-8A4D3505A764}.Ad-Hoc|Mixed Platforms.ActiveCfg = Release|Any CPU
		{1D6492B8-3A57-4F3C-9DEE-8A4D3505A764}.Ad-Hoc|Mixed Platforms.Build.0 = Release|Any CPU
		{1D6492B8-3A57-4F3C-9DEE-8A4D3505A764}.Ad-Hoc|Mixed Platforms.Deploy.0 = Release|Any CPU
		{1D6492B8-3A57-4F3C-9DEE-8A4D3505A764}.Ad-Hoc|x86.ActiveCfg = Release|Any CPU
		{1D6492B8-3A57-4F3C-9DEE-8A4D3505A764}.AppStore|Any CPU.ActiveCfg = Release|Any CPU
		{1D6492B8-3A57-4F3C-9DEE-8A4D3505A764}.AppStore|Any CPU.Build.0 = Release|Any CPU
		{1D6492B8-3A57-4F3C-9DEE-8A4D3505A764}.AppStore|Any CPU.Deploy.0 = Release|Any CPU
		{1D6492B8-3A57-4F3C-9DEE-8A4D3505A764}.AppStore|ARM.ActiveCfg = Release|Any CPU
		{1D6492B8-3A57-4F3C-9DEE-8A4D3505A764}.AppStore|iPhone.ActiveCfg = Release|Any CPU
		{1D6492B8-3A57-4F3C-9DEE-8A4D3505A764}.AppStore|iPhoneSimulator.ActiveCfg = Release|Any CPU
		{1D6492B8-3A57-4F3C-9DEE-8A4D3505A764}.AppStore|Mixed Platforms.ActiveCfg = Release|Any CPU
		{1D6492B8-3A57-4F3C-9DEE-8A4D3505A764}.AppStore|Mixed Platforms.Build.0 = Release|Any CPU
		{1D6492B8-3A57-4F3C-9DEE-8A4D3505A764}.AppStore|Mixed Platforms.Deploy.0 = Release|Any CPU
		{1D6492B8-3A57-4F3C-9DEE-8A4D3505A764}.AppStore|x86.ActiveCfg = Release|Any CPU
		{1D6492B8-3A57-4F3C-9DEE-8A4D3505A764}.Debug|Any CPU.ActiveCfg = Debug|Any CPU
		{1D6492B8-3A57-4F3C-9DEE-8A4D3505A764}.Debug|Any CPU.Build.0 = Debug|Any CPU
		{1D6492B8-3A57-4F3C-9DEE-8A4D3505A764}.Debug|Any CPU.Deploy.0 = Debug|Any CPU
		{1D6492B8-3A57-4F3C-9DEE-8A4D3505A764}.Debug|ARM.ActiveCfg = Debug|Any CPU
		{1D6492B8-3A57-4F3C-9DEE-8A4D3505A764}.Debug|iPhone.ActiveCfg = Debug|Any CPU
		{1D6492B8-3A57-4F3C-9DEE-8A4D3505A764}.Debug|iPhoneSimulator.ActiveCfg = Debug|Any CPU
		{1D6492B8-3A57-4F3C-9DEE-8A4D3505A764}.Debug|Mixed Platforms.ActiveCfg = Debug|Any CPU
		{1D6492B8-3A57-4F3C-9DEE-8A4D3505A764}.Debug|Mixed Platforms.Build.0 = Debug|Any CPU
		{1D6492B8-3A57-4F3C-9DEE-8A4D3505A764}.Debug|Mixed Platforms.Deploy.0 = Debug|Any CPU
		{1D6492B8-3A57-4F3C-9DEE-8A4D3505A764}.Debug|x86.ActiveCfg = Debug|Any CPU
		{1D6492B8-3A57-4F3C-9DEE-8A4D3505A764}.Release|Any CPU.ActiveCfg = Release|Any CPU
		{1D6492B8-3A57-4F3C-9DEE-8A4D3505A764}.Release|Any CPU.Build.0 = Release|Any CPU
		{1D6492B8-3A57-4F3C-9DEE-8A4D3505A764}.Release|Any CPU.Deploy.0 = Release|Any CPU
		{1D6492B8-3A57-4F3C-9DEE-8A4D3505A764}.Release|ARM.ActiveCfg = Release|Any CPU
		{1D6492B8-3A57-4F3C-9DEE-8A4D3505A764}.Release|iPhone.ActiveCfg = Release|Any CPU
		{1D6492B8-3A57-4F3C-9DEE-8A4D3505A764}.Release|iPhoneSimulator.ActiveCfg = Release|Any CPU
		{1D6492B8-3A57-4F3C-9DEE-8A4D3505A764}.Release|Mixed Platforms.ActiveCfg = Release|Any CPU
		{1D6492B8-3A57-4F3C-9DEE-8A4D3505A764}.Release|Mixed Platforms.Build.0 = Release|Any CPU
		{1D6492B8-3A57-4F3C-9DEE-8A4D3505A764}.Release|Mixed Platforms.Deploy.0 = Release|Any CPU
		{1D6492B8-3A57-4F3C-9DEE-8A4D3505A764}.Release|x86.ActiveCfg = Release|Any CPU
		{2FB73B20-E217-49F8-94DD-FBB6D44763D3}.Ad-Hoc|Any CPU.ActiveCfg = Release|Any CPU
		{2FB73B20-E217-49F8-94DD-FBB6D44763D3}.Ad-Hoc|Any CPU.Build.0 = Release|Any CPU
		{2FB73B20-E217-49F8-94DD-FBB6D44763D3}.Ad-Hoc|Any CPU.Deploy.0 = Release|Any CPU
		{2FB73B20-E217-49F8-94DD-FBB6D44763D3}.Ad-Hoc|ARM.ActiveCfg = Release|ARM
		{2FB73B20-E217-49F8-94DD-FBB6D44763D3}.Ad-Hoc|ARM.Build.0 = Release|ARM
		{2FB73B20-E217-49F8-94DD-FBB6D44763D3}.Ad-Hoc|ARM.Deploy.0 = Release|ARM
		{2FB73B20-E217-49F8-94DD-FBB6D44763D3}.Ad-Hoc|iPhone.ActiveCfg = Release|Any CPU
		{2FB73B20-E217-49F8-94DD-FBB6D44763D3}.Ad-Hoc|iPhoneSimulator.ActiveCfg = Release|Any CPU
		{2FB73B20-E217-49F8-94DD-FBB6D44763D3}.Ad-Hoc|Mixed Platforms.ActiveCfg = Release|x86
		{2FB73B20-E217-49F8-94DD-FBB6D44763D3}.Ad-Hoc|Mixed Platforms.Build.0 = Release|x86
		{2FB73B20-E217-49F8-94DD-FBB6D44763D3}.Ad-Hoc|Mixed Platforms.Deploy.0 = Release|x86
		{2FB73B20-E217-49F8-94DD-FBB6D44763D3}.Ad-Hoc|x86.ActiveCfg = Release|x86
		{2FB73B20-E217-49F8-94DD-FBB6D44763D3}.Ad-Hoc|x86.Build.0 = Release|x86
		{2FB73B20-E217-49F8-94DD-FBB6D44763D3}.Ad-Hoc|x86.Deploy.0 = Release|x86
		{2FB73B20-E217-49F8-94DD-FBB6D44763D3}.AppStore|Any CPU.ActiveCfg = Release|Any CPU
		{2FB73B20-E217-49F8-94DD-FBB6D44763D3}.AppStore|Any CPU.Build.0 = Release|Any CPU
		{2FB73B20-E217-49F8-94DD-FBB6D44763D3}.AppStore|Any CPU.Deploy.0 = Release|Any CPU
		{2FB73B20-E217-49F8-94DD-FBB6D44763D3}.AppStore|ARM.ActiveCfg = Release|ARM
		{2FB73B20-E217-49F8-94DD-FBB6D44763D3}.AppStore|ARM.Build.0 = Release|ARM
		{2FB73B20-E217-49F8-94DD-FBB6D44763D3}.AppStore|ARM.Deploy.0 = Release|ARM
		{2FB73B20-E217-49F8-94DD-FBB6D44763D3}.AppStore|iPhone.ActiveCfg = Release|Any CPU
		{2FB73B20-E217-49F8-94DD-FBB6D44763D3}.AppStore|iPhoneSimulator.ActiveCfg = Release|Any CPU
		{2FB73B20-E217-49F8-94DD-FBB6D44763D3}.AppStore|Mixed Platforms.ActiveCfg = Release|x86
		{2FB73B20-E217-49F8-94DD-FBB6D44763D3}.AppStore|Mixed Platforms.Build.0 = Release|x86
		{2FB73B20-E217-49F8-94DD-FBB6D44763D3}.AppStore|Mixed Platforms.Deploy.0 = Release|x86
		{2FB73B20-E217-49F8-94DD-FBB6D44763D3}.AppStore|x86.ActiveCfg = Release|x86
		{2FB73B20-E217-49F8-94DD-FBB6D44763D3}.AppStore|x86.Build.0 = Release|x86
		{2FB73B20-E217-49F8-94DD-FBB6D44763D3}.AppStore|x86.Deploy.0 = Release|x86
		{2FB73B20-E217-49F8-94DD-FBB6D44763D3}.Debug|Any CPU.ActiveCfg = Debug|Any CPU
		{2FB73B20-E217-49F8-94DD-FBB6D44763D3}.Debug|Any CPU.Build.0 = Debug|Any CPU
		{2FB73B20-E217-49F8-94DD-FBB6D44763D3}.Debug|Any CPU.Deploy.0 = Debug|Any CPU
		{2FB73B20-E217-49F8-94DD-FBB6D44763D3}.Debug|ARM.ActiveCfg = Debug|ARM
		{2FB73B20-E217-49F8-94DD-FBB6D44763D3}.Debug|ARM.Build.0 = Debug|ARM
		{2FB73B20-E217-49F8-94DD-FBB6D44763D3}.Debug|ARM.Deploy.0 = Debug|ARM
		{2FB73B20-E217-49F8-94DD-FBB6D44763D3}.Debug|iPhone.ActiveCfg = Debug|Any CPU
		{2FB73B20-E217-49F8-94DD-FBB6D44763D3}.Debug|iPhoneSimulator.ActiveCfg = Debug|Any CPU
		{2FB73B20-E217-49F8-94DD-FBB6D44763D3}.Debug|Mixed Platforms.ActiveCfg = Debug|x86
		{2FB73B20-E217-49F8-94DD-FBB6D44763D3}.Debug|Mixed Platforms.Build.0 = Debug|x86
		{2FB73B20-E217-49F8-94DD-FBB6D44763D3}.Debug|Mixed Platforms.Deploy.0 = Debug|x86
		{2FB73B20-E217-49F8-94DD-FBB6D44763D3}.Debug|x86.ActiveCfg = Debug|x86
		{2FB73B20-E217-49F8-94DD-FBB6D44763D3}.Debug|x86.Build.0 = Debug|x86
		{2FB73B20-E217-49F8-94DD-FBB6D44763D3}.Debug|x86.Deploy.0 = Debug|x86
		{2FB73B20-E217-49F8-94DD-FBB6D44763D3}.Release|Any CPU.ActiveCfg = Release|Any CPU
		{2FB73B20-E217-49F8-94DD-FBB6D44763D3}.Release|Any CPU.Build.0 = Release|Any CPU
		{2FB73B20-E217-49F8-94DD-FBB6D44763D3}.Release|Any CPU.Deploy.0 = Release|Any CPU
		{2FB73B20-E217-49F8-94DD-FBB6D44763D3}.Release|ARM.ActiveCfg = Release|ARM
		{2FB73B20-E217-49F8-94DD-FBB6D44763D3}.Release|ARM.Build.0 = Release|ARM
		{2FB73B20-E217-49F8-94DD-FBB6D44763D3}.Release|ARM.Deploy.0 = Release|ARM
		{2FB73B20-E217-49F8-94DD-FBB6D44763D3}.Release|iPhone.ActiveCfg = Release|Any CPU
		{2FB73B20-E217-49F8-94DD-FBB6D44763D3}.Release|iPhoneSimulator.ActiveCfg = Release|Any CPU
		{2FB73B20-E217-49F8-94DD-FBB6D44763D3}.Release|Mixed Platforms.ActiveCfg = Release|x86
		{2FB73B20-E217-49F8-94DD-FBB6D44763D3}.Release|Mixed Platforms.Build.0 = Release|x86
		{2FB73B20-E217-49F8-94DD-FBB6D44763D3}.Release|Mixed Platforms.Deploy.0 = Release|x86
		{2FB73B20-E217-49F8-94DD-FBB6D44763D3}.Release|x86.ActiveCfg = Release|x86
		{2FB73B20-E217-49F8-94DD-FBB6D44763D3}.Release|x86.Build.0 = Release|x86
		{2FB73B20-E217-49F8-94DD-FBB6D44763D3}.Release|x86.Deploy.0 = Release|x86
	EndGlobalSection
	GlobalSection(SolutionProperties) = preSolution
		HideSolutionNode = FALSE
	EndGlobalSection
EndGlobal
