
Microsoft Visual Studio Solution File, Format Version 12.00
# Visual Studio 2012
Project("{FAE04EC0-301F-11D3-BF4B-00C04F79EFBC}") = "Test", "Test\Test.csproj", "{E7F0BF98-4082-438A-8332-277C9508CF6E}"
EndProject
Project("{FAE04EC0-301F-11D3-BF4B-00C04F79EFBC}") = "Test.iOS", "iOS\Test.iOS.csproj", "{0CB16358-A507-421E-AFB3-EA49B81ABF4E}"
EndProject
Project("{FAE04EC0-301F-11D3-BF4B-00C04F79EFBC}") = "Test.Droid", "Droid\Test.Droid.csproj", "{26ABA2F3-5252-41A3-8A46-6AD61B877326}"
EndProject
Global
	GlobalSection(SolutionConfigurationPlatforms) = preSolution
		Debug|Any CPU = Debug|Any CPU
		Release|Any CPU = Release|Any CPU
		Debug|iPhoneSimulator = Debug|iPhoneSimulator
		Release|iPhone = Release|iPhone
		Release|iPhoneSimulator = Release|iPhoneSimulator
		Debug|iPhone = Debug|iPhone
	EndGlobalSection
	GlobalSection(ProjectConfigurationPlatforms) = postSolution
		{E7F0BF98-4082-438A-8332-277C9508CF6E}.Debug|Any CPU.ActiveCfg = Debug|Any CPU
		{E7F0BF98-4082-438A-8332-277C9508CF6E}.Debug|Any CPU.Build.0 = Debug|Any CPU
		{E7F0BF98-4082-438A-8332-277C9508CF6E}.Release|Any CPU.ActiveCfg = Release|Any CPU
		{E7F0BF98-4082-438A-8332-277C9508CF6E}.Release|Any CPU.Build.0 = Release|Any CPU
		{E7F0BF98-4082-438A-8332-277C9508CF6E}.Debug|iPhoneSimulator.ActiveCfg = Debug|Any CPU
		{E7F0BF98-4082-438A-8332-277C9508CF6E}.Debug|iPhoneSimulator.Build.0 = Debug|Any CPU
		{E7F0BF98-4082-438A-8332-277C9508CF6E}.Release|iPhone.ActiveCfg = Release|Any CPU
		{E7F0BF98-4082-438A-8332-277C9508CF6E}.Release|iPhone.Build.0 = Release|Any CPU
		{E7F0BF98-4082-438A-8332-277C9508CF6E}.Release|iPhoneSimulator.ActiveCfg = Release|Any CPU
		{E7F0BF98-4082-438A-8332-277C9508CF6E}.Release|iPhoneSimulator.Build.0 = Release|Any CPU
		{E7F0BF98-4082-438A-8332-277C9508CF6E}.Debug|iPhone.ActiveCfg = Debug|Any CPU
		{E7F0BF98-4082-438A-8332-277C9508CF6E}.Debug|iPhone.Build.0 = Debug|Any CPU
		{0CB16358-A507-421E-AFB3-EA49B81ABF4E}.Debug|Any CPU.ActiveCfg = Debug|iPhoneSimulator
		{0CB16358-A507-421E-AFB3-EA49B81ABF4E}.Debug|Any CPU.Build.0 = Debug|iPhoneSimulator
		{0CB16358-A507-421E-AFB3-EA49B81ABF4E}.Release|Any CPU.ActiveCfg = Release|iPhone
		{0CB16358-A507-421E-AFB3-EA49B81ABF4E}.Release|Any CPU.Build.0 = Release|iPhone
		{0CB16358-A507-421E-AFB3-EA49B81ABF4E}.Debug|iPhoneSimulator.ActiveCfg = Debug|iPhoneSimulator
		{0CB16358-A507-421E-AFB3-EA49B81ABF4E}.Debug|iPhoneSimulator.Build.0 = Debug|iPhoneSimulator
		{0CB16358-A507-421E-AFB3-EA49B81ABF4E}.Release|iPhone.ActiveCfg = Release|iPhone
		{0CB16358-A507-421E-AFB3-EA49B81ABF4E}.Release|iPhone.Build.0 = Release|iPhone
		{0CB16358-A507-421E-AFB3-EA49B81ABF4E}.Release|iPhoneSimulator.ActiveCfg = Release|iPhoneSimulator
		{0CB16358-A507-421E-AFB3-EA49B81ABF4E}.Release|iPhoneSimulator.Build.0 = Release|iPhoneSimulator
		{0CB16358-A507-421E-AFB3-EA49B81ABF4E}.Debug|iPhone.ActiveCfg = Debug|iPhone
		{0CB16358-A507-421E-AFB3-EA49B81ABF4E}.Debug|iPhone.Build.0 = Debug|iPhone
		{26ABA2F3-5252-41A3-8A46-6AD61B877326}.Debug|Any CPU.ActiveCfg = Debug|Any CPU
		{26ABA2F3-5252-41A3-8A46-6AD61B877326}.Debug|Any CPU.Build.0 = Debug|Any CPU
		{26ABA2F3-5252-41A3-8A46-6AD61B877326}.Release|Any CPU.ActiveCfg = Release|Any CPU
		{26ABA2F3-5252-41A3-8A46-6AD61B877326}.Release|Any CPU.Build.0 = Release|Any CPU
		{26ABA2F3-5252-41A3-8A46-6AD61B877326}.Debug|iPhoneSimulator.ActiveCfg = Debug|Any CPU
		{26ABA2F3-5252-41A3-8A46-6AD61B877326}.Debug|iPhoneSimulator.Build.0 = Debug|Any CPU
		{26ABA2F3-5252-41A3-8A46-6AD61B877326}.Release|iPhone.ActiveCfg = Release|Any CPU
		{26ABA2F3-5252-41A3-8A46-6AD61B877326}.Release|iPhone.Build.0 = Release|Any CPU
		{26ABA2F3-5252-41A3-8A46-6AD61B877326}.Release|iPhoneSimulator.ActiveCfg = Release|Any CPU
		{26ABA2F3-5252-41A3-8A46-6AD61B877326}.Release|iPhoneSimulator.Build.0 = Release|Any CPU
		{26ABA2F3-5252-41A3-8A46-6AD61B877326}.Debug|iPhone.ActiveCfg = Debug|Any CPU
		{26ABA2F3-5252-41A3-8A46-6AD61B877326}.Debug|iPhone.Build.0 = Debug|Any CPU
	EndGlobalSection
EndGlobal
