
Microsoft Visual Studio Solution File, Format Version 12.00
# Visual Studio 14
VisualStudioVersion = 14.0.25420.1
MinimumVisualStudioVersion = 10.0.40219.1
Project("{FAE04EC0-301F-11D3-BF4B-00C04F79EFBC}") = "SideDrawer_Introduction.Portable", "SideDrawer_Introduction\Portable\SideDrawer_Introduction.Portable.csproj", "{8CBB691F-7078-4420-94D6-D739F95E01AA}"
EndProject
Project("{FAE04EC0-301F-11D3-BF4B-00C04F79EFBC}") = "SideDrawer_Introduction.Android", "SideDrawer_Introduction\Android\SideDrawer_Introduction.Android.csproj", "{FDC7184C-904C-4520-BFFF-0B6F7ADEE41E}"
EndProject
Project("{FAE04EC0-301F-11D3-BF4B-00C04F79EFBC}") = "SideDrawer_Introduction.iOS", "SideDrawer_Introduction\iOS\SideDrawer_Introduction.iOS.csproj", "{1908AEB1-A74A-4D6F-A612-90488086F037}"
EndProject
Project("{2150E333-8FDC-42A3-9474-1A3956D46DE8}") = "SideDrawer_Introduction.WinRT", "SideDrawer_Introduction.WinRT", "{C5A6A517-4493-4144-BE0D-A5C9066F42F3}"
EndProject
Project("{D954291E-2A0B-460D-934E-DC6B0785DB48}") = "SideDrawer_Introduction.WinRT.Shared", "SideDrawer_Introduction\WinRT\SideDrawer_Introduction.WinRT.Shared\SideDrawer_Introduction.WinRT.Shared.shproj", "{4837EFE5-A31E-46CB-9698-813CDD0E480B}"
EndProject
Project("{FAE04EC0-301F-11D3-BF4B-00C04F79EFBC}") = "SideDrawer_Introduction.WinRT.Windows", "SideDrawer_Introduction\WinRT\SideDrawer_Introduction.WinRT.Windows\SideDrawer_Introduction.WinRT.Windows.csproj", "{CFB5C657-47E4-4355-84A4-957DF99FB3C5}"
EndProject
Project("{FAE04EC0-301F-11D3-BF4B-00C04F79EFBC}") = "SideDrawer_Introduction.WinRT.WindowsPhone", "SideDrawer_Introduction\WinRT\SideDrawer_Introduction.WinRT.WindowsPhone\SideDrawer_Introduction.WinRT.WindowsPhone.csproj", "{EE049C29-2354-4E89-B53A-E80BB76C9314}"
EndProject
Project("{FAE04EC0-301F-11D3-BF4B-00C04F79EFBC}") = "SideDrawer_Introduction.UWP", "SideDrawer_Introduction\UWP\SideDrawer_Introduction.UWP.csproj", "{81B3AEB1-E17E-4020-8384-3767539D5888}"
EndProject
Global
	GlobalSection(SharedMSBuildProjectFiles) = preSolution
		SideDrawer_Introduction\WinRT\SideDrawer_Introduction.WinRT.Shared\SideDrawer_Introduction.WinRT.Shared.projitems*{4837efe5-a31e-46cb-9698-813cdd0e480b}*SharedItemsImports = 13
		SideDrawer_Introduction\WinRT\SideDrawer_Introduction.WinRT.Shared\SideDrawer_Introduction.WinRT.Shared.projitems*{cfb5c657-47e4-4355-84a4-957df99fb3c5}*SharedItemsImports = 4
		SideDrawer_Introduction\WinRT\SideDrawer_Introduction.WinRT.Shared\SideDrawer_Introduction.WinRT.Shared.projitems*{ee049c29-2354-4e89-b53a-e80bb76c9314}*SharedItemsImports = 4
	EndGlobalSection
	GlobalSection(SolutionConfigurationPlatforms) = preSolution
		Ad-Hoc|Any CPU = Ad-Hoc|Any CPU
		Ad-Hoc|ARM = Ad-Hoc|ARM
		Ad-Hoc|iPhone = Ad-Hoc|iPhone
		Ad-Hoc|iPhoneSimulator = Ad-Hoc|iPhoneSimulator
		Ad-Hoc|x64 = Ad-Hoc|x64
		Ad-Hoc|x86 = Ad-Hoc|x86
		AppStore|Any CPU = AppStore|Any CPU
		AppStore|ARM = AppStore|ARM
		AppStore|iPhone = AppStore|iPhone
		AppStore|iPhoneSimulator = AppStore|iPhoneSimulator
		AppStore|x64 = AppStore|x64
		AppStore|x86 = AppStore|x86
		Debug|Any CPU = Debug|Any CPU
		Debug|ARM = Debug|ARM
		Debug|iPhone = Debug|iPhone
		Debug|iPhoneSimulator = Debug|iPhoneSimulator
		Debug|x64 = Debug|x64
		Debug|x86 = Debug|x86
		Release|Any CPU = Release|Any CPU
		Release|ARM = Release|ARM
		Release|iPhone = Release|iPhone
		Release|iPhoneSimulator = Release|iPhoneSimulator
		Release|x64 = Release|x64
		Release|x86 = Release|x86
	EndGlobalSection
	GlobalSection(ProjectConfigurationPlatforms) = postSolution
		{8CBB691F-7078-4420-94D6-D739F95E01AA}.Ad-Hoc|Any CPU.ActiveCfg = Release|Any CPU
		{8CBB691F-7078-4420-94D6-D739F95E01AA}.Ad-Hoc|Any CPU.Build.0 = Release|Any CPU
		{8CBB691F-7078-4420-94D6-D739F95E01AA}.Ad-Hoc|ARM.ActiveCfg = Release|Any CPU
		{8CBB691F-7078-4420-94D6-D739F95E01AA}.Ad-Hoc|ARM.Build.0 = Release|Any CPU
		{8CBB691F-7078-4420-94D6-D739F95E01AA}.Ad-Hoc|iPhone.ActiveCfg = Release|Any CPU
		{8CBB691F-7078-4420-94D6-D739F95E01AA}.Ad-Hoc|iPhone.Build.0 = Release|Any CPU
		{8CBB691F-7078-4420-94D6-D739F95E01AA}.Ad-Hoc|iPhoneSimulator.ActiveCfg = Release|Any CPU
		{8CBB691F-7078-4420-94D6-D739F95E01AA}.Ad-Hoc|iPhoneSimulator.Build.0 = Release|Any CPU
		{8CBB691F-7078-4420-94D6-D739F95E01AA}.Ad-Hoc|x64.ActiveCfg = Release|Any CPU
		{8CBB691F-7078-4420-94D6-D739F95E01AA}.Ad-Hoc|x64.Build.0 = Release|Any CPU
		{8CBB691F-7078-4420-94D6-D739F95E01AA}.Ad-Hoc|x86.ActiveCfg = Release|Any CPU
		{8CBB691F-7078-4420-94D6-D739F95E01AA}.Ad-Hoc|x86.Build.0 = Release|Any CPU
		{8CBB691F-7078-4420-94D6-D739F95E01AA}.AppStore|Any CPU.ActiveCfg = Release|Any CPU
		{8CBB691F-7078-4420-94D6-D739F95E01AA}.AppStore|Any CPU.Build.0 = Release|Any CPU
		{8CBB691F-7078-4420-94D6-D739F95E01AA}.AppStore|ARM.ActiveCfg = Release|Any CPU
		{8CBB691F-7078-4420-94D6-D739F95E01AA}.AppStore|ARM.Build.0 = Release|Any CPU
		{8CBB691F-7078-4420-94D6-D739F95E01AA}.AppStore|iPhone.ActiveCfg = Release|Any CPU
		{8CBB691F-7078-4420-94D6-D739F95E01AA}.AppStore|iPhone.Build.0 = Release|Any CPU
		{8CBB691F-7078-4420-94D6-D739F95E01AA}.AppStore|iPhoneSimulator.ActiveCfg = Release|Any CPU
		{8CBB691F-7078-4420-94D6-D739F95E01AA}.AppStore|iPhoneSimulator.Build.0 = Release|Any CPU
		{8CBB691F-7078-4420-94D6-D739F95E01AA}.AppStore|x64.ActiveCfg = Release|Any CPU
		{8CBB691F-7078-4420-94D6-D739F95E01AA}.AppStore|x64.Build.0 = Release|Any CPU
		{8CBB691F-7078-4420-94D6-D739F95E01AA}.AppStore|x86.ActiveCfg = Release|Any CPU
		{8CBB691F-7078-4420-94D6-D739F95E01AA}.AppStore|x86.Build.0 = Release|Any CPU
		{8CBB691F-7078-4420-94D6-D739F95E01AA}.Debug|Any CPU.ActiveCfg = Debug|Any CPU
		{8CBB691F-7078-4420-94D6-D739F95E01AA}.Debug|Any CPU.Build.0 = Debug|Any CPU
		{8CBB691F-7078-4420-94D6-D739F95E01AA}.Debug|ARM.ActiveCfg = Debug|Any CPU
		{8CBB691F-7078-4420-94D6-D739F95E01AA}.Debug|ARM.Build.0 = Debug|Any CPU
		{8CBB691F-7078-4420-94D6-D739F95E01AA}.Debug|iPhone.ActiveCfg = Debug|Any CPU
		{8CBB691F-7078-4420-94D6-D739F95E01AA}.Debug|iPhone.Build.0 = Debug|Any CPU
		{8CBB691F-7078-4420-94D6-D739F95E01AA}.Debug|iPhoneSimulator.ActiveCfg = Debug|Any CPU
		{8CBB691F-7078-4420-94D6-D739F95E01AA}.Debug|iPhoneSimulator.Build.0 = Debug|Any CPU
		{8CBB691F-7078-4420-94D6-D739F95E01AA}.Debug|x64.ActiveCfg = Debug|Any CPU
		{8CBB691F-7078-4420-94D6-D739F95E01AA}.Debug|x64.Build.0 = Debug|Any CPU
		{8CBB691F-7078-4420-94D6-D739F95E01AA}.Debug|x86.ActiveCfg = Debug|Any CPU
		{8CBB691F-7078-4420-94D6-D739F95E01AA}.Debug|x86.Build.0 = Debug|Any CPU
		{8CBB691F-7078-4420-94D6-D739F95E01AA}.Release|Any CPU.ActiveCfg = Release|Any CPU
		{8CBB691F-7078-4420-94D6-D739F95E01AA}.Release|Any CPU.Build.0 = Release|Any CPU
		{8CBB691F-7078-4420-94D6-D739F95E01AA}.Release|ARM.ActiveCfg = Release|Any CPU
		{8CBB691F-7078-4420-94D6-D739F95E01AA}.Release|ARM.Build.0 = Release|Any CPU
		{8CBB691F-7078-4420-94D6-D739F95E01AA}.Release|iPhone.ActiveCfg = Release|Any CPU
		{8CBB691F-7078-4420-94D6-D739F95E01AA}.Release|iPhone.Build.0 = Release|Any CPU
		{8CBB691F-7078-4420-94D6-D739F95E01AA}.Release|iPhoneSimulator.ActiveCfg = Release|Any CPU
		{8CBB691F-7078-4420-94D6-D739F95E01AA}.Release|iPhoneSimulator.Build.0 = Release|Any CPU
		{8CBB691F-7078-4420-94D6-D739F95E01AA}.Release|x64.ActiveCfg = Release|Any CPU
		{8CBB691F-7078-4420-94D6-D739F95E01AA}.Release|x64.Build.0 = Release|Any CPU
		{8CBB691F-7078-4420-94D6-D739F95E01AA}.Release|x86.ActiveCfg = Release|Any CPU
		{8CBB691F-7078-4420-94D6-D739F95E01AA}.Release|x86.Build.0 = Release|Any CPU
		{FDC7184C-904C-4520-BFFF-0B6F7ADEE41E}.Ad-Hoc|Any CPU.ActiveCfg = Release|Any CPU
		{FDC7184C-904C-4520-BFFF-0B6F7ADEE41E}.Ad-Hoc|Any CPU.Build.0 = Release|Any CPU
		{FDC7184C-904C-4520-BFFF-0B6F7ADEE41E}.Ad-Hoc|Any CPU.Deploy.0 = Release|Any CPU
		{FDC7184C-904C-4520-BFFF-0B6F7ADEE41E}.Ad-Hoc|ARM.ActiveCfg = Release|Any CPU
		{FDC7184C-904C-4520-BFFF-0B6F7ADEE41E}.Ad-Hoc|ARM.Build.0 = Release|Any CPU
		{FDC7184C-904C-4520-BFFF-0B6F7ADEE41E}.Ad-Hoc|ARM.Deploy.0 = Release|Any CPU
		{FDC7184C-904C-4520-BFFF-0B6F7ADEE41E}.Ad-Hoc|iPhone.ActiveCfg = Release|Any CPU
		{FDC7184C-904C-4520-BFFF-0B6F7ADEE41E}.Ad-Hoc|iPhone.Build.0 = Release|Any CPU
		{FDC7184C-904C-4520-BFFF-0B6F7ADEE41E}.Ad-Hoc|iPhone.Deploy.0 = Release|Any CPU
		{FDC7184C-904C-4520-BFFF-0B6F7ADEE41E}.Ad-Hoc|iPhoneSimulator.ActiveCfg = Release|Any CPU
		{FDC7184C-904C-4520-BFFF-0B6F7ADEE41E}.Ad-Hoc|iPhoneSimulator.Build.0 = Release|Any CPU
		{FDC7184C-904C-4520-BFFF-0B6F7ADEE41E}.Ad-Hoc|iPhoneSimulator.Deploy.0 = Release|Any CPU
		{FDC7184C-904C-4520-BFFF-0B6F7ADEE41E}.Ad-Hoc|x64.ActiveCfg = Release|Any CPU
		{FDC7184C-904C-4520-BFFF-0B6F7ADEE41E}.Ad-Hoc|x64.Build.0 = Release|Any CPU
		{FDC7184C-904C-4520-BFFF-0B6F7ADEE41E}.Ad-Hoc|x64.Deploy.0 = Release|Any CPU
		{FDC7184C-904C-4520-BFFF-0B6F7ADEE41E}.Ad-Hoc|x86.ActiveCfg = Release|Any CPU
		{FDC7184C-904C-4520-BFFF-0B6F7ADEE41E}.Ad-Hoc|x86.Build.0 = Release|Any CPU
		{FDC7184C-904C-4520-BFFF-0B6F7ADEE41E}.Ad-Hoc|x86.Deploy.0 = Release|Any CPU
		{FDC7184C-904C-4520-BFFF-0B6F7ADEE41E}.AppStore|Any CPU.ActiveCfg = Release|Any CPU
		{FDC7184C-904C-4520-BFFF-0B6F7ADEE41E}.AppStore|Any CPU.Build.0 = Release|Any CPU
		{FDC7184C-904C-4520-BFFF-0B6F7ADEE41E}.AppStore|Any CPU.Deploy.0 = Release|Any CPU
		{FDC7184C-904C-4520-BFFF-0B6F7ADEE41E}.AppStore|ARM.ActiveCfg = Release|Any CPU
		{FDC7184C-904C-4520-BFFF-0B6F7ADEE41E}.AppStore|ARM.Build.0 = Release|Any CPU
		{FDC7184C-904C-4520-BFFF-0B6F7ADEE41E}.AppStore|ARM.Deploy.0 = Release|Any CPU
		{FDC7184C-904C-4520-BFFF-0B6F7ADEE41E}.AppStore|iPhone.ActiveCfg = Release|Any CPU
		{FDC7184C-904C-4520-BFFF-0B6F7ADEE41E}.AppStore|iPhone.Build.0 = Release|Any CPU
		{FDC7184C-904C-4520-BFFF-0B6F7ADEE41E}.AppStore|iPhone.Deploy.0 = Release|Any CPU
		{FDC7184C-904C-4520-BFFF-0B6F7ADEE41E}.AppStore|iPhoneSimulator.ActiveCfg = Release|Any CPU
		{FDC7184C-904C-4520-BFFF-0B6F7ADEE41E}.AppStore|iPhoneSimulator.Build.0 = Release|Any CPU
		{FDC7184C-904C-4520-BFFF-0B6F7ADEE41E}.AppStore|iPhoneSimulator.Deploy.0 = Release|Any CPU
		{FDC7184C-904C-4520-BFFF-0B6F7ADEE41E}.AppStore|x64.ActiveCfg = Release|Any CPU
		{FDC7184C-904C-4520-BFFF-0B6F7ADEE41E}.AppStore|x64.Build.0 = Release|Any CPU
		{FDC7184C-904C-4520-BFFF-0B6F7ADEE41E}.AppStore|x64.Deploy.0 = Release|Any CPU
		{FDC7184C-904C-4520-BFFF-0B6F7ADEE41E}.AppStore|x86.ActiveCfg = Release|Any CPU
		{FDC7184C-904C-4520-BFFF-0B6F7ADEE41E}.AppStore|x86.Build.0 = Release|Any CPU
		{FDC7184C-904C-4520-BFFF-0B6F7ADEE41E}.AppStore|x86.Deploy.0 = Release|Any CPU
		{FDC7184C-904C-4520-BFFF-0B6F7ADEE41E}.Debug|Any CPU.ActiveCfg = Debug|Any CPU
		{FDC7184C-904C-4520-BFFF-0B6F7ADEE41E}.Debug|Any CPU.Build.0 = Debug|Any CPU
		{FDC7184C-904C-4520-BFFF-0B6F7ADEE41E}.Debug|Any CPU.Deploy.0 = Debug|Any CPU
		{FDC7184C-904C-4520-BFFF-0B6F7ADEE41E}.Debug|ARM.ActiveCfg = Debug|Any CPU
		{FDC7184C-904C-4520-BFFF-0B6F7ADEE41E}.Debug|ARM.Build.0 = Debug|Any CPU
		{FDC7184C-904C-4520-BFFF-0B6F7ADEE41E}.Debug|ARM.Deploy.0 = Debug|Any CPU
		{FDC7184C-904C-4520-BFFF-0B6F7ADEE41E}.Debug|iPhone.ActiveCfg = Debug|Any CPU
		{FDC7184C-904C-4520-BFFF-0B6F7ADEE41E}.Debug|iPhone.Build.0 = Debug|Any CPU
		{FDC7184C-904C-4520-BFFF-0B6F7ADEE41E}.Debug|iPhone.Deploy.0 = Debug|Any CPU
		{FDC7184C-904C-4520-BFFF-0B6F7ADEE41E}.Debug|iPhoneSimulator.ActiveCfg = Debug|Any CPU
		{FDC7184C-904C-4520-BFFF-0B6F7ADEE41E}.Debug|iPhoneSimulator.Build.0 = Debug|Any CPU
		{FDC7184C-904C-4520-BFFF-0B6F7ADEE41E}.Debug|iPhoneSimulator.Deploy.0 = Debug|Any CPU
		{FDC7184C-904C-4520-BFFF-0B6F7ADEE41E}.Debug|x64.ActiveCfg = Debug|Any CPU
		{FDC7184C-904C-4520-BFFF-0B6F7ADEE41E}.Debug|x64.Build.0 = Debug|Any CPU
		{FDC7184C-904C-4520-BFFF-0B6F7ADEE41E}.Debug|x64.Deploy.0 = Debug|Any CPU
		{FDC7184C-904C-4520-BFFF-0B6F7ADEE41E}.Debug|x86.ActiveCfg = Debug|Any CPU
		{FDC7184C-904C-4520-BFFF-0B6F7ADEE41E}.Debug|x86.Build.0 = Debug|Any CPU
		{FDC7184C-904C-4520-BFFF-0B6F7ADEE41E}.Debug|x86.Deploy.0 = Debug|Any CPU
		{FDC7184C-904C-4520-BFFF-0B6F7ADEE41E}.Release|Any CPU.ActiveCfg = Release|Any CPU
		{FDC7184C-904C-4520-BFFF-0B6F7ADEE41E}.Release|Any CPU.Build.0 = Release|Any CPU
		{FDC7184C-904C-4520-BFFF-0B6F7ADEE41E}.Release|Any CPU.Deploy.0 = Release|Any CPU
		{FDC7184C-904C-4520-BFFF-0B6F7ADEE41E}.Release|ARM.ActiveCfg = Release|Any CPU
		{FDC7184C-904C-4520-BFFF-0B6F7ADEE41E}.Release|ARM.Build.0 = Release|Any CPU
		{FDC7184C-904C-4520-BFFF-0B6F7ADEE41E}.Release|ARM.Deploy.0 = Release|Any CPU
		{FDC7184C-904C-4520-BFFF-0B6F7ADEE41E}.Release|iPhone.ActiveCfg = Release|Any CPU
		{FDC7184C-904C-4520-BFFF-0B6F7ADEE41E}.Release|iPhone.Build.0 = Release|Any CPU
		{FDC7184C-904C-4520-BFFF-0B6F7ADEE41E}.Release|iPhone.Deploy.0 = Release|Any CPU
		{FDC7184C-904C-4520-BFFF-0B6F7ADEE41E}.Release|iPhoneSimulator.ActiveCfg = Release|Any CPU
		{FDC7184C-904C-4520-BFFF-0B6F7ADEE41E}.Release|iPhoneSimulator.Build.0 = Release|Any CPU
		{FDC7184C-904C-4520-BFFF-0B6F7ADEE41E}.Release|iPhoneSimulator.Deploy.0 = Release|Any CPU
		{FDC7184C-904C-4520-BFFF-0B6F7ADEE41E}.Release|x64.ActiveCfg = Release|Any CPU
		{FDC7184C-904C-4520-BFFF-0B6F7ADEE41E}.Release|x64.Build.0 = Release|Any CPU
		{FDC7184C-904C-4520-BFFF-0B6F7ADEE41E}.Release|x64.Deploy.0 = Release|Any CPU
		{FDC7184C-904C-4520-BFFF-0B6F7ADEE41E}.Release|x86.ActiveCfg = Release|Any CPU
		{FDC7184C-904C-4520-BFFF-0B6F7ADEE41E}.Release|x86.Build.0 = Release|Any CPU
		{FDC7184C-904C-4520-BFFF-0B6F7ADEE41E}.Release|x86.Deploy.0 = Release|Any CPU
		{1908AEB1-A74A-4D6F-A612-90488086F037}.Ad-Hoc|Any CPU.ActiveCfg = Ad-Hoc|iPhone
		{1908AEB1-A74A-4D6F-A612-90488086F037}.Ad-Hoc|ARM.ActiveCfg = Ad-Hoc|iPhone
		{1908AEB1-A74A-4D6F-A612-90488086F037}.Ad-Hoc|iPhone.ActiveCfg = Ad-Hoc|iPhone
		{1908AEB1-A74A-4D6F-A612-90488086F037}.Ad-Hoc|iPhone.Build.0 = Ad-Hoc|iPhone
		{1908AEB1-A74A-4D6F-A612-90488086F037}.Ad-Hoc|iPhoneSimulator.ActiveCfg = Ad-Hoc|iPhoneSimulator
		{1908AEB1-A74A-4D6F-A612-90488086F037}.Ad-Hoc|iPhoneSimulator.Build.0 = Ad-Hoc|iPhoneSimulator
		{1908AEB1-A74A-4D6F-A612-90488086F037}.Ad-Hoc|x64.ActiveCfg = Ad-Hoc|iPhone
		{1908AEB1-A74A-4D6F-A612-90488086F037}.Ad-Hoc|x86.ActiveCfg = Ad-Hoc|iPhone
		{1908AEB1-A74A-4D6F-A612-90488086F037}.AppStore|Any CPU.ActiveCfg = AppStore|iPhone
		{1908AEB1-A74A-4D6F-A612-90488086F037}.AppStore|ARM.ActiveCfg = AppStore|iPhone
		{1908AEB1-A74A-4D6F-A612-90488086F037}.AppStore|iPhone.ActiveCfg = AppStore|iPhone
		{1908AEB1-A74A-4D6F-A612-90488086F037}.AppStore|iPhone.Build.0 = AppStore|iPhone
		{1908AEB1-A74A-4D6F-A612-90488086F037}.AppStore|iPhoneSimulator.ActiveCfg = AppStore|iPhoneSimulator
		{1908AEB1-A74A-4D6F-A612-90488086F037}.AppStore|iPhoneSimulator.Build.0 = AppStore|iPhoneSimulator
		{1908AEB1-A74A-4D6F-A612-90488086F037}.AppStore|x64.ActiveCfg = AppStore|iPhone
		{1908AEB1-A74A-4D6F-A612-90488086F037}.AppStore|x86.ActiveCfg = AppStore|iPhone
		{1908AEB1-A74A-4D6F-A612-90488086F037}.Debug|Any CPU.ActiveCfg = Debug|iPhoneSimulator
		{1908AEB1-A74A-4D6F-A612-90488086F037}.Debug|Any CPU.Build.0 = Debug|iPhoneSimulator
		{1908AEB1-A74A-4D6F-A612-90488086F037}.Debug|ARM.ActiveCfg = Debug|iPhone
		{1908AEB1-A74A-4D6F-A612-90488086F037}.Debug|iPhone.ActiveCfg = Debug|iPhone
		{1908AEB1-A74A-4D6F-A612-90488086F037}.Debug|iPhone.Build.0 = Debug|iPhone
		{1908AEB1-A74A-4D6F-A612-90488086F037}.Debug|iPhoneSimulator.ActiveCfg = Debug|iPhoneSimulator
		{1908AEB1-A74A-4D6F-A612-90488086F037}.Debug|iPhoneSimulator.Build.0 = Debug|iPhoneSimulator
		{1908AEB1-A74A-4D6F-A612-90488086F037}.Debug|x64.ActiveCfg = Debug|iPhone
		{1908AEB1-A74A-4D6F-A612-90488086F037}.Debug|x86.ActiveCfg = Debug|iPhone
		{1908AEB1-A74A-4D6F-A612-90488086F037}.Release|Any CPU.ActiveCfg = Release|iPhoneSimulator
		{1908AEB1-A74A-4D6F-A612-90488086F037}.Release|Any CPU.Build.0 = Release|iPhoneSimulator
		{1908AEB1-A74A-4D6F-A612-90488086F037}.Release|ARM.ActiveCfg = Release|iPhone
		{1908AEB1-A74A-4D6F-A612-90488086F037}.Release|iPhone.ActiveCfg = Release|iPhone
		{1908AEB1-A74A-4D6F-A612-90488086F037}.Release|iPhone.Build.0 = Release|iPhone
		{1908AEB1-A74A-4D6F-A612-90488086F037}.Release|iPhoneSimulator.ActiveCfg = Release|iPhoneSimulator
		{1908AEB1-A74A-4D6F-A612-90488086F037}.Release|iPhoneSimulator.Build.0 = Release|iPhoneSimulator
		{1908AEB1-A74A-4D6F-A612-90488086F037}.Release|x64.ActiveCfg = Release|iPhone
		{1908AEB1-A74A-4D6F-A612-90488086F037}.Release|x86.ActiveCfg = Release|iPhone
		{CFB5C657-47E4-4355-84A4-957DF99FB3C5}.Ad-Hoc|Any CPU.ActiveCfg = Release|Any CPU
		{CFB5C657-47E4-4355-84A4-957DF99FB3C5}.Ad-Hoc|Any CPU.Build.0 = Release|Any CPU
		{CFB5C657-47E4-4355-84A4-957DF99FB3C5}.Ad-Hoc|Any CPU.Deploy.0 = Release|Any CPU
		{CFB5C657-47E4-4355-84A4-957DF99FB3C5}.Ad-Hoc|ARM.ActiveCfg = Release|ARM
		{CFB5C657-47E4-4355-84A4-957DF99FB3C5}.Ad-Hoc|ARM.Build.0 = Release|ARM
		{CFB5C657-47E4-4355-84A4-957DF99FB3C5}.Ad-Hoc|ARM.Deploy.0 = Release|ARM
		{CFB5C657-47E4-4355-84A4-957DF99FB3C5}.Ad-Hoc|iPhone.ActiveCfg = Release|Any CPU
		{CFB5C657-47E4-4355-84A4-957DF99FB3C5}.Ad-Hoc|iPhone.Build.0 = Release|Any CPU
		{CFB5C657-47E4-4355-84A4-957DF99FB3C5}.Ad-Hoc|iPhone.Deploy.0 = Release|Any CPU
		{CFB5C657-47E4-4355-84A4-957DF99FB3C5}.Ad-Hoc|iPhoneSimulator.ActiveCfg = Release|Any CPU
		{CFB5C657-47E4-4355-84A4-957DF99FB3C5}.Ad-Hoc|iPhoneSimulator.Build.0 = Release|Any CPU
		{CFB5C657-47E4-4355-84A4-957DF99FB3C5}.Ad-Hoc|iPhoneSimulator.Deploy.0 = Release|Any CPU
		{CFB5C657-47E4-4355-84A4-957DF99FB3C5}.Ad-Hoc|x64.ActiveCfg = Release|x64
		{CFB5C657-47E4-4355-84A4-957DF99FB3C5}.Ad-Hoc|x64.Build.0 = Release|x64
		{CFB5C657-47E4-4355-84A4-957DF99FB3C5}.Ad-Hoc|x64.Deploy.0 = Release|x64
		{CFB5C657-47E4-4355-84A4-957DF99FB3C5}.Ad-Hoc|x86.ActiveCfg = Release|x86
		{CFB5C657-47E4-4355-84A4-957DF99FB3C5}.Ad-Hoc|x86.Build.0 = Release|x86
		{CFB5C657-47E4-4355-84A4-957DF99FB3C5}.Ad-Hoc|x86.Deploy.0 = Release|x86
		{CFB5C657-47E4-4355-84A4-957DF99FB3C5}.AppStore|Any CPU.ActiveCfg = Release|Any CPU
		{CFB5C657-47E4-4355-84A4-957DF99FB3C5}.AppStore|Any CPU.Build.0 = Release|Any CPU
		{CFB5C657-47E4-4355-84A4-957DF99FB3C5}.AppStore|Any CPU.Deploy.0 = Release|Any CPU
		{CFB5C657-47E4-4355-84A4-957DF99FB3C5}.AppStore|ARM.ActiveCfg = Release|ARM
		{CFB5C657-47E4-4355-84A4-957DF99FB3C5}.AppStore|ARM.Build.0 = Release|ARM
		{CFB5C657-47E4-4355-84A4-957DF99FB3C5}.AppStore|ARM.Deploy.0 = Release|ARM
		{CFB5C657-47E4-4355-84A4-957DF99FB3C5}.AppStore|iPhone.ActiveCfg = Release|Any CPU
		{CFB5C657-47E4-4355-84A4-957DF99FB3C5}.AppStore|iPhone.Build.0 = Release|Any CPU
		{CFB5C657-47E4-4355-84A4-957DF99FB3C5}.AppStore|iPhone.Deploy.0 = Release|Any CPU
		{CFB5C657-47E4-4355-84A4-957DF99FB3C5}.AppStore|iPhoneSimulator.ActiveCfg = Release|Any CPU
		{CFB5C657-47E4-4355-84A4-957DF99FB3C5}.AppStore|iPhoneSimulator.Build.0 = Release|Any CPU
		{CFB5C657-47E4-4355-84A4-957DF99FB3C5}.AppStore|iPhoneSimulator.Deploy.0 = Release|Any CPU
		{CFB5C657-47E4-4355-84A4-957DF99FB3C5}.AppStore|x64.ActiveCfg = Release|x64
		{CFB5C657-47E4-4355-84A4-957DF99FB3C5}.AppStore|x64.Build.0 = Release|x64
		{CFB5C657-47E4-4355-84A4-957DF99FB3C5}.AppStore|x64.Deploy.0 = Release|x64
		{CFB5C657-47E4-4355-84A4-957DF99FB3C5}.AppStore|x86.ActiveCfg = Release|x86
		{CFB5C657-47E4-4355-84A4-957DF99FB3C5}.AppStore|x86.Build.0 = Release|x86
		{CFB5C657-47E4-4355-84A4-957DF99FB3C5}.AppStore|x86.Deploy.0 = Release|x86
		{CFB5C657-47E4-4355-84A4-957DF99FB3C5}.Debug|Any CPU.ActiveCfg = Debug|Any CPU
		{CFB5C657-47E4-4355-84A4-957DF99FB3C5}.Debug|Any CPU.Build.0 = Debug|Any CPU
		{CFB5C657-47E4-4355-84A4-957DF99FB3C5}.Debug|Any CPU.Deploy.0 = Debug|Any CPU
		{CFB5C657-47E4-4355-84A4-957DF99FB3C5}.Debug|ARM.ActiveCfg = Debug|ARM
		{CFB5C657-47E4-4355-84A4-957DF99FB3C5}.Debug|ARM.Build.0 = Debug|ARM
		{CFB5C657-47E4-4355-84A4-957DF99FB3C5}.Debug|ARM.Deploy.0 = Debug|ARM
		{CFB5C657-47E4-4355-84A4-957DF99FB3C5}.Debug|iPhone.ActiveCfg = Debug|Any CPU
		{CFB5C657-47E4-4355-84A4-957DF99FB3C5}.Debug|iPhone.Build.0 = Debug|Any CPU
		{CFB5C657-47E4-4355-84A4-957DF99FB3C5}.Debug|iPhone.Deploy.0 = Debug|Any CPU
		{CFB5C657-47E4-4355-84A4-957DF99FB3C5}.Debug|iPhoneSimulator.ActiveCfg = Debug|Any CPU
		{CFB5C657-47E4-4355-84A4-957DF99FB3C5}.Debug|iPhoneSimulator.Build.0 = Debug|Any CPU
		{CFB5C657-47E4-4355-84A4-957DF99FB3C5}.Debug|iPhoneSimulator.Deploy.0 = Debug|Any CPU
		{CFB5C657-47E4-4355-84A4-957DF99FB3C5}.Debug|x64.ActiveCfg = Debug|x64
		{CFB5C657-47E4-4355-84A4-957DF99FB3C5}.Debug|x64.Build.0 = Debug|x64
		{CFB5C657-47E4-4355-84A4-957DF99FB3C5}.Debug|x64.Deploy.0 = Debug|x64
		{CFB5C657-47E4-4355-84A4-957DF99FB3C5}.Debug|x86.ActiveCfg = Debug|x86
		{CFB5C657-47E4-4355-84A4-957DF99FB3C5}.Debug|x86.Build.0 = Debug|x86
		{CFB5C657-47E4-4355-84A4-957DF99FB3C5}.Debug|x86.Deploy.0 = Debug|x86
		{CFB5C657-47E4-4355-84A4-957DF99FB3C5}.Release|Any CPU.ActiveCfg = Release|Any CPU
		{CFB5C657-47E4-4355-84A4-957DF99FB3C5}.Release|Any CPU.Build.0 = Release|Any CPU
		{CFB5C657-47E4-4355-84A4-957DF99FB3C5}.Release|Any CPU.Deploy.0 = Release|Any CPU
		{CFB5C657-47E4-4355-84A4-957DF99FB3C5}.Release|ARM.ActiveCfg = Release|ARM
		{CFB5C657-47E4-4355-84A4-957DF99FB3C5}.Release|ARM.Build.0 = Release|ARM
		{CFB5C657-47E4-4355-84A4-957DF99FB3C5}.Release|ARM.Deploy.0 = Release|ARM
		{CFB5C657-47E4-4355-84A4-957DF99FB3C5}.Release|iPhone.ActiveCfg = Release|Any CPU
		{CFB5C657-47E4-4355-84A4-957DF99FB3C5}.Release|iPhone.Build.0 = Release|Any CPU
		{CFB5C657-47E4-4355-84A4-957DF99FB3C5}.Release|iPhone.Deploy.0 = Release|Any CPU
		{CFB5C657-47E4-4355-84A4-957DF99FB3C5}.Release|iPhoneSimulator.ActiveCfg = Release|Any CPU
		{CFB5C657-47E4-4355-84A4-957DF99FB3C5}.Release|iPhoneSimulator.Build.0 = Release|Any CPU
		{CFB5C657-47E4-4355-84A4-957DF99FB3C5}.Release|iPhoneSimulator.Deploy.0 = Release|Any CPU
		{CFB5C657-47E4-4355-84A4-957DF99FB3C5}.Release|x64.ActiveCfg = Release|x64
		{CFB5C657-47E4-4355-84A4-957DF99FB3C5}.Release|x64.Build.0 = Release|x64
		{CFB5C657-47E4-4355-84A4-957DF99FB3C5}.Release|x64.Deploy.0 = Release|x64
		{CFB5C657-47E4-4355-84A4-957DF99FB3C5}.Release|x86.ActiveCfg = Release|x86
		{CFB5C657-47E4-4355-84A4-957DF99FB3C5}.Release|x86.Build.0 = Release|x86
		{CFB5C657-47E4-4355-84A4-957DF99FB3C5}.Release|x86.Deploy.0 = Release|x86
		{EE049C29-2354-4E89-B53A-E80BB76C9314}.Ad-Hoc|Any CPU.ActiveCfg = Release|Any CPU
		{EE049C29-2354-4E89-B53A-E80BB76C9314}.Ad-Hoc|Any CPU.Build.0 = Release|Any CPU
		{EE049C29-2354-4E89-B53A-E80BB76C9314}.Ad-Hoc|Any CPU.Deploy.0 = Release|Any CPU
		{EE049C29-2354-4E89-B53A-E80BB76C9314}.Ad-Hoc|ARM.ActiveCfg = Release|ARM
		{EE049C29-2354-4E89-B53A-E80BB76C9314}.Ad-Hoc|ARM.Build.0 = Release|ARM
		{EE049C29-2354-4E89-B53A-E80BB76C9314}.Ad-Hoc|ARM.Deploy.0 = Release|ARM
		{EE049C29-2354-4E89-B53A-E80BB76C9314}.Ad-Hoc|iPhone.ActiveCfg = Release|Any CPU
		{EE049C29-2354-4E89-B53A-E80BB76C9314}.Ad-Hoc|iPhone.Build.0 = Release|Any CPU
		{EE049C29-2354-4E89-B53A-E80BB76C9314}.Ad-Hoc|iPhone.Deploy.0 = Release|Any CPU
		{EE049C29-2354-4E89-B53A-E80BB76C9314}.Ad-Hoc|iPhoneSimulator.ActiveCfg = Release|Any CPU
		{EE049C29-2354-4E89-B53A-E80BB76C9314}.Ad-Hoc|iPhoneSimulator.Build.0 = Release|Any CPU
		{EE049C29-2354-4E89-B53A-E80BB76C9314}.Ad-Hoc|iPhoneSimulator.Deploy.0 = Release|Any CPU
		{EE049C29-2354-4E89-B53A-E80BB76C9314}.Ad-Hoc|x64.ActiveCfg = Release|Any CPU
		{EE049C29-2354-4E89-B53A-E80BB76C9314}.Ad-Hoc|x64.Build.0 = Release|Any CPU
		{EE049C29-2354-4E89-B53A-E80BB76C9314}.Ad-Hoc|x64.Deploy.0 = Release|Any CPU
		{EE049C29-2354-4E89-B53A-E80BB76C9314}.Ad-Hoc|x86.ActiveCfg = Release|x86
		{EE049C29-2354-4E89-B53A-E80BB76C9314}.Ad-Hoc|x86.Build.0 = Release|x86
		{EE049C29-2354-4E89-B53A-E80BB76C9314}.Ad-Hoc|x86.Deploy.0 = Release|x86
		{EE049C29-2354-4E89-B53A-E80BB76C9314}.AppStore|Any CPU.ActiveCfg = Release|Any CPU
		{EE049C29-2354-4E89-B53A-E80BB76C9314}.AppStore|Any CPU.Build.0 = Release|Any CPU
		{EE049C29-2354-4E89-B53A-E80BB76C9314}.AppStore|Any CPU.Deploy.0 = Release|Any CPU
		{EE049C29-2354-4E89-B53A-E80BB76C9314}.AppStore|ARM.ActiveCfg = Release|ARM
		{EE049C29-2354-4E89-B53A-E80BB76C9314}.AppStore|ARM.Build.0 = Release|ARM
		{EE049C29-2354-4E89-B53A-E80BB76C9314}.AppStore|ARM.Deploy.0 = Release|ARM
		{EE049C29-2354-4E89-B53A-E80BB76C9314}.AppStore|iPhone.ActiveCfg = Release|Any CPU
		{EE049C29-2354-4E89-B53A-E80BB76C9314}.AppStore|iPhone.Build.0 = Release|Any CPU
		{EE049C29-2354-4E89-B53A-E80BB76C9314}.AppStore|iPhone.Deploy.0 = Release|Any CPU
		{EE049C29-2354-4E89-B53A-E80BB76C9314}.AppStore|iPhoneSimulator.ActiveCfg = Release|Any CPU
		{EE049C29-2354-4E89-B53A-E80BB76C9314}.AppStore|iPhoneSimulator.Build.0 = Release|Any CPU
		{EE049C29-2354-4E89-B53A-E80BB76C9314}.AppStore|iPhoneSimulator.Deploy.0 = Release|Any CPU
		{EE049C29-2354-4E89-B53A-E80BB76C9314}.AppStore|x64.ActiveCfg = Release|Any CPU
		{EE049C29-2354-4E89-B53A-E80BB76C9314}.AppStore|x64.Build.0 = Release|Any CPU
		{EE049C29-2354-4E89-B53A-E80BB76C9314}.AppStore|x64.Deploy.0 = Release|Any CPU
		{EE049C29-2354-4E89-B53A-E80BB76C9314}.AppStore|x86.ActiveCfg = Release|x86
		{EE049C29-2354-4E89-B53A-E80BB76C9314}.AppStore|x86.Build.0 = Release|x86
		{EE049C29-2354-4E89-B53A-E80BB76C9314}.AppStore|x86.Deploy.0 = Release|x86
		{EE049C29-2354-4E89-B53A-E80BB76C9314}.Debug|Any CPU.ActiveCfg = Debug|Any CPU
		{EE049C29-2354-4E89-B53A-E80BB76C9314}.Debug|Any CPU.Build.0 = Debug|Any CPU
		{EE049C29-2354-4E89-B53A-E80BB76C9314}.Debug|Any CPU.Deploy.0 = Debug|Any CPU
		{EE049C29-2354-4E89-B53A-E80BB76C9314}.Debug|ARM.ActiveCfg = Debug|ARM
		{EE049C29-2354-4E89-B53A-E80BB76C9314}.Debug|ARM.Build.0 = Debug|ARM
		{EE049C29-2354-4E89-B53A-E80BB76C9314}.Debug|ARM.Deploy.0 = Debug|ARM
		{EE049C29-2354-4E89-B53A-E80BB76C9314}.Debug|iPhone.ActiveCfg = Debug|Any CPU
		{EE049C29-2354-4E89-B53A-E80BB76C9314}.Debug|iPhone.Build.0 = Debug|Any CPU
		{EE049C29-2354-4E89-B53A-E80BB76C9314}.Debug|iPhone.Deploy.0 = Debug|Any CPU
		{EE049C29-2354-4E89-B53A-E80BB76C9314}.Debug|iPhoneSimulator.ActiveCfg = Debug|Any CPU
		{EE049C29-2354-4E89-B53A-E80BB76C9314}.Debug|iPhoneSimulator.Build.0 = Debug|Any CPU
		{EE049C29-2354-4E89-B53A-E80BB76C9314}.Debug|iPhoneSimulator.Deploy.0 = Debug|Any CPU
		{EE049C29-2354-4E89-B53A-E80BB76C9314}.Debug|x64.ActiveCfg = Debug|Any CPU
		{EE049C29-2354-4E89-B53A-E80BB76C9314}.Debug|x64.Build.0 = Debug|Any CPU
		{EE049C29-2354-4E89-B53A-E80BB76C9314}.Debug|x64.Deploy.0 = Debug|Any CPU
		{EE049C29-2354-4E89-B53A-E80BB76C9314}.Debug|x86.ActiveCfg = Debug|x86
		{EE049C29-2354-4E89-B53A-E80BB76C9314}.Debug|x86.Build.0 = Debug|x86
		{EE049C29-2354-4E89-B53A-E80BB76C9314}.Debug|x86.Deploy.0 = Debug|x86
		{EE049C29-2354-4E89-B53A-E80BB76C9314}.Release|Any CPU.ActiveCfg = Release|Any CPU
		{EE049C29-2354-4E89-B53A-E80BB76C9314}.Release|Any CPU.Build.0 = Release|Any CPU
		{EE049C29-2354-4E89-B53A-E80BB76C9314}.Release|Any CPU.Deploy.0 = Release|Any CPU
		{EE049C29-2354-4E89-B53A-E80BB76C9314}.Release|ARM.ActiveCfg = Release|ARM
		{EE049C29-2354-4E89-B53A-E80BB76C9314}.Release|ARM.Build.0 = Release|ARM
		{EE049C29-2354-4E89-B53A-E80BB76C9314}.Release|ARM.Deploy.0 = Release|ARM
		{EE049C29-2354-4E89-B53A-E80BB76C9314}.Release|iPhone.ActiveCfg = Release|Any CPU
		{EE049C29-2354-4E89-B53A-E80BB76C9314}.Release|iPhone.Build.0 = Release|Any CPU
		{EE049C29-2354-4E89-B53A-E80BB76C9314}.Release|iPhone.Deploy.0 = Release|Any CPU
		{EE049C29-2354-4E89-B53A-E80BB76C9314}.Release|iPhoneSimulator.ActiveCfg = Release|Any CPU
		{EE049C29-2354-4E89-B53A-E80BB76C9314}.Release|iPhoneSimulator.Build.0 = Release|Any CPU
		{EE049C29-2354-4E89-B53A-E80BB76C9314}.Release|iPhoneSimulator.Deploy.0 = Release|Any CPU
		{EE049C29-2354-4E89-B53A-E80BB76C9314}.Release|x64.ActiveCfg = Release|Any CPU
		{EE049C29-2354-4E89-B53A-E80BB76C9314}.Release|x64.Build.0 = Release|Any CPU
		{EE049C29-2354-4E89-B53A-E80BB76C9314}.Release|x64.Deploy.0 = Release|Any CPU
		{EE049C29-2354-4E89-B53A-E80BB76C9314}.Release|x86.ActiveCfg = Release|x86
		{EE049C29-2354-4E89-B53A-E80BB76C9314}.Release|x86.Build.0 = Release|x86
		{EE049C29-2354-4E89-B53A-E80BB76C9314}.Release|x86.Deploy.0 = Release|x86
		{81B3AEB1-E17E-4020-8384-3767539D5888}.Ad-Hoc|Any CPU.ActiveCfg = Release|x86
		{81B3AEB1-E17E-4020-8384-3767539D5888}.Ad-Hoc|Any CPU.Build.0 = Release|x86
		{81B3AEB1-E17E-4020-8384-3767539D5888}.Ad-Hoc|Any CPU.Deploy.0 = Release|x86
		{81B3AEB1-E17E-4020-8384-3767539D5888}.Ad-Hoc|ARM.ActiveCfg = Release|ARM
		{81B3AEB1-E17E-4020-8384-3767539D5888}.Ad-Hoc|ARM.Build.0 = Release|ARM
		{81B3AEB1-E17E-4020-8384-3767539D5888}.Ad-Hoc|ARM.Deploy.0 = Release|ARM
		{81B3AEB1-E17E-4020-8384-3767539D5888}.Ad-Hoc|iPhone.ActiveCfg = Release|x86
		{81B3AEB1-E17E-4020-8384-3767539D5888}.Ad-Hoc|iPhone.Build.0 = Release|x86
		{81B3AEB1-E17E-4020-8384-3767539D5888}.Ad-Hoc|iPhone.Deploy.0 = Release|x86
		{81B3AEB1-E17E-4020-8384-3767539D5888}.Ad-Hoc|iPhoneSimulator.ActiveCfg = Release|x86
		{81B3AEB1-E17E-4020-8384-3767539D5888}.Ad-Hoc|iPhoneSimulator.Build.0 = Release|x86
		{81B3AEB1-E17E-4020-8384-3767539D5888}.Ad-Hoc|iPhoneSimulator.Deploy.0 = Release|x86
		{81B3AEB1-E17E-4020-8384-3767539D5888}.Ad-Hoc|x64.ActiveCfg = Release|x64
		{81B3AEB1-E17E-4020-8384-3767539D5888}.Ad-Hoc|x64.Build.0 = Release|x64
		{81B3AEB1-E17E-4020-8384-3767539D5888}.Ad-Hoc|x64.Deploy.0 = Release|x64
		{81B3AEB1-E17E-4020-8384-3767539D5888}.Ad-Hoc|x86.ActiveCfg = Release|x86
		{81B3AEB1-E17E-4020-8384-3767539D5888}.Ad-Hoc|x86.Build.0 = Release|x86
		{81B3AEB1-E17E-4020-8384-3767539D5888}.Ad-Hoc|x86.Deploy.0 = Release|x86
		{81B3AEB1-E17E-4020-8384-3767539D5888}.AppStore|Any CPU.ActiveCfg = Release|x86
		{81B3AEB1-E17E-4020-8384-3767539D5888}.AppStore|Any CPU.Build.0 = Release|x86
		{81B3AEB1-E17E-4020-8384-3767539D5888}.AppStore|Any CPU.Deploy.0 = Release|x86
		{81B3AEB1-E17E-4020-8384-3767539D5888}.AppStore|ARM.ActiveCfg = Release|ARM
		{81B3AEB1-E17E-4020-8384-3767539D5888}.AppStore|ARM.Build.0 = Release|ARM
		{81B3AEB1-E17E-4020-8384-3767539D5888}.AppStore|ARM.Deploy.0 = Release|ARM
		{81B3AEB1-E17E-4020-8384-3767539D5888}.AppStore|iPhone.ActiveCfg = Release|x86
		{81B3AEB1-E17E-4020-8384-3767539D5888}.AppStore|iPhone.Build.0 = Release|x86
		{81B3AEB1-E17E-4020-8384-3767539D5888}.AppStore|iPhone.Deploy.0 = Release|x86
		{81B3AEB1-E17E-4020-8384-3767539D5888}.AppStore|iPhoneSimulator.ActiveCfg = Release|x86
		{81B3AEB1-E17E-4020-8384-3767539D5888}.AppStore|iPhoneSimulator.Build.0 = Release|x86
		{81B3AEB1-E17E-4020-8384-3767539D5888}.AppStore|iPhoneSimulator.Deploy.0 = Release|x86
		{81B3AEB1-E17E-4020-8384-3767539D5888}.AppStore|x64.ActiveCfg = Release|x64
		{81B3AEB1-E17E-4020-8384-3767539D5888}.AppStore|x64.Build.0 = Release|x64
		{81B3AEB1-E17E-4020-8384-3767539D5888}.AppStore|x64.Deploy.0 = Release|x64
		{81B3AEB1-E17E-4020-8384-3767539D5888}.AppStore|x86.ActiveCfg = Release|x86
		{81B3AEB1-E17E-4020-8384-3767539D5888}.AppStore|x86.Build.0 = Release|x86
		{81B3AEB1-E17E-4020-8384-3767539D5888}.AppStore|x86.Deploy.0 = Release|x86
		{81B3AEB1-E17E-4020-8384-3767539D5888}.Debug|Any CPU.ActiveCfg = Debug|x86
		{81B3AEB1-E17E-4020-8384-3767539D5888}.Debug|Any CPU.Build.0 = Debug|x86
		{81B3AEB1-E17E-4020-8384-3767539D5888}.Debug|Any CPU.Deploy.0 = Debug|x86
		{81B3AEB1-E17E-4020-8384-3767539D5888}.Debug|ARM.ActiveCfg = Debug|ARM
		{81B3AEB1-E17E-4020-8384-3767539D5888}.Debug|ARM.Build.0 = Debug|ARM
		{81B3AEB1-E17E-4020-8384-3767539D5888}.Debug|ARM.Deploy.0 = Debug|ARM
		{81B3AEB1-E17E-4020-8384-3767539D5888}.Debug|iPhone.ActiveCfg = Debug|x86
		{81B3AEB1-E17E-4020-8384-3767539D5888}.Debug|iPhoneSimulator.ActiveCfg = Debug|x86
		{81B3AEB1-E17E-4020-8384-3767539D5888}.Debug|x64.ActiveCfg = Debug|x64
		{81B3AEB1-E17E-4020-8384-3767539D5888}.Debug|x64.Build.0 = Debug|x64
		{81B3AEB1-E17E-4020-8384-3767539D5888}.Debug|x64.Deploy.0 = Debug|x64
		{81B3AEB1-E17E-4020-8384-3767539D5888}.Debug|x86.ActiveCfg = Debug|x86
		{81B3AEB1-E17E-4020-8384-3767539D5888}.Debug|x86.Build.0 = Debug|x86
		{81B3AEB1-E17E-4020-8384-3767539D5888}.Debug|x86.Deploy.0 = Debug|x86
		{81B3AEB1-E17E-4020-8384-3767539D5888}.Release|Any CPU.ActiveCfg = Release|x86
		{81B3AEB1-E17E-4020-8384-3767539D5888}.Release|Any CPU.Build.0 = Release|x86
		{81B3AEB1-E17E-4020-8384-3767539D5888}.Release|Any CPU.Deploy.0 = Release|x86
		{81B3AEB1-E17E-4020-8384-3767539D5888}.Release|ARM.ActiveCfg = Release|ARM
		{81B3AEB1-E17E-4020-8384-3767539D5888}.Release|ARM.Build.0 = Release|ARM
		{81B3AEB1-E17E-4020-8384-3767539D5888}.Release|ARM.Deploy.0 = Release|ARM
		{81B3AEB1-E17E-4020-8384-3767539D5888}.Release|iPhone.ActiveCfg = Release|x86
		{81B3AEB1-E17E-4020-8384-3767539D5888}.Release|iPhoneSimulator.ActiveCfg = Release|x86
		{81B3AEB1-E17E-4020-8384-3767539D5888}.Release|x64.ActiveCfg = Release|x64
		{81B3AEB1-E17E-4020-8384-3767539D5888}.Release|x64.Build.0 = Release|x64
		{81B3AEB1-E17E-4020-8384-3767539D5888}.Release|x64.Deploy.0 = Release|x64
		{81B3AEB1-E17E-4020-8384-3767539D5888}.Release|x86.ActiveCfg = Release|x86
		{81B3AEB1-E17E-4020-8384-3767539D5888}.Release|x86.Build.0 = Release|x86
		{81B3AEB1-E17E-4020-8384-3767539D5888}.Release|x86.Deploy.0 = Release|x86
	EndGlobalSection
	GlobalSection(SolutionProperties) = preSolution
		HideSolutionNode = FALSE
	EndGlobalSection
	GlobalSection(NestedProjects) = preSolution
		{4837EFE5-A31E-46CB-9698-813CDD0E480B} = {C5A6A517-4493-4144-BE0D-A5C9066F42F3}
		{CFB5C657-47E4-4355-84A4-957DF99FB3C5} = {C5A6A517-4493-4144-BE0D-A5C9066F42F3}
		{EE049C29-2354-4E89-B53A-E80BB76C9314} = {C5A6A517-4493-4144-BE0D-A5C9066F42F3}
	EndGlobalSection
EndGlobal
